// !$*UTF8*$!
{
	archiveVersion = 1;
	classes = {
	};
	objectVersion = 48;
	objects = {

/* Begin PBXBuildFile section */
		DB19C3071F5533EF00B10C2F /* ButtonSpriteNode.swift in Sources */ = {isa = PBXBuildFile; fileRef = DB19C3061F5533EF00B10C2F /* ButtonSpriteNode.swift */; };
		DB19C30A1F57D0B600B10C2F /* PolyominoEntity.swift in Sources */ = {isa = PBXBuildFile; fileRef = DB19C3091F57D0B600B10C2F /* PolyominoEntity.swift */; };
		DB19C30C1F57D2CA00B10C2F /* CompositeSpriteComponent.swift in Sources */ = {isa = PBXBuildFile; fileRef = DB19C30B1F57D2CA00B10C2F /* CompositeSpriteComponent.swift */; };
		DB19C3121F57D3F700B10C2F /* RotationComponent.swift in Sources */ = {isa = PBXBuildFile; fileRef = DB19C3111F57D3F700B10C2F /* RotationComponent.swift */; };
		DB21CAC71F51403C00EE73C0 /* hollow_thud.mp3 in Resources */ = {isa = PBXBuildFile; fileRef = DB21CAC61F51403A00EE73C0 /* hollow_thud.mp3 */; };
		DB21CAD31F538DA200EE73C0 /* BlueBlocks.atlas in Resources */ = {isa = PBXBuildFile; fileRef = DB21CAD21F538B2600EE73C0 /* BlueBlocks.atlas */; };
		DB21CAD41F538DA200EE73C0 /* GreenBlocks.atlas in Resources */ = {isa = PBXBuildFile; fileRef = DB21CACF1F538B2600EE73C0 /* GreenBlocks.atlas */; };
		DB21CAD51F538DA200EE73C0 /* PinkBlocks.atlas in Resources */ = {isa = PBXBuildFile; fileRef = DB21CAD01F538B2600EE73C0 /* PinkBlocks.atlas */; };
		DB21CAD61F538DA200EE73C0 /* YellowBlocks.atlas in Resources */ = {isa = PBXBuildFile; fileRef = DB21CAD11F538B2600EE73C0 /* YellowBlocks.atlas */; };
		DB3408E91F3ADDD5000A1F5F /* PolyominoCreator.swift in Sources */ = {isa = PBXBuildFile; fileRef = DB3408E81F3ADDD5000A1F5F /* PolyominoCreator.swift */; };
		DB3408EB1F3ADDEE000A1F5F /* Polyomino.swift in Sources */ = {isa = PBXBuildFile; fileRef = DB3408EA1F3ADDEE000A1F5F /* Polyomino.swift */; };
		DB3D806F1F5DF6D300890336 /* ArenaEntity.swift in Sources */ = {isa = PBXBuildFile; fileRef = DB3D806E1F5DF6D300890336 /* ArenaEntity.swift */; };
		DB3D80711F5DF73F00890336 /* TetrisEntity.swift in Sources */ = {isa = PBXBuildFile; fileRef = DB3D80701F5DF73F00890336 /* TetrisEntity.swift */; };
		DB3D80751F5DF81000890336 /* ArenaComponent.swift in Sources */ = {isa = PBXBuildFile; fileRef = DB3D80741F5DF81000890336 /* ArenaComponent.swift */; };
		DB4558EC1F3F805C002BD1AA /* CGPointExtensionTests.swift in Sources */ = {isa = PBXBuildFile; fileRef = DB4558EB1F3F805C002BD1AA /* CGPointExtensionTests.swift */; };
		DB4558EE1F3FCDAF002BD1AA /* PolyominoCreatorTests.swift in Sources */ = {isa = PBXBuildFile; fileRef = DB4558ED1F3FCDAF002BD1AA /* PolyominoCreatorTests.swift */; };
		DB653B2F1F3EC131004AA01E /* CGPointExtensions.swift in Sources */ = {isa = PBXBuildFile; fileRef = DB653B2E1F3EC131004AA01E /* CGPointExtensions.swift */; };
		DB653B311F4118BC004AA01E /* GameConstants.swift in Sources */ = {isa = PBXBuildFile; fileRef = DB653B301F4118BC004AA01E /* GameConstants.swift */; };
		DB6CB59C1F5D1471009D6B8F /* CollisionCheckingComponent.swift in Sources */ = {isa = PBXBuildFile; fileRef = DB6CB59B1F5D1471009D6B8F /* CollisionCheckingComponent.swift */; };
		DB88A64A1F5E17D40059D5BC /* SpawnAreaEntity.swift in Sources */ = {isa = PBXBuildFile; fileRef = DB88A6491F5E17D40059D5BC /* SpawnAreaEntity.swift */; };
		DB88A64C1F5E18F20059D5BC /* SpawnAreaComponent.swift in Sources */ = {isa = PBXBuildFile; fileRef = DB88A64B1F5E18F20059D5BC /* SpawnAreaComponent.swift */; };
		DB8B6C831F397BB600DD4694 /* AppDelegate.swift in Sources */ = {isa = PBXBuildFile; fileRef = DB8B6C821F397BB600DD4694 /* AppDelegate.swift */; };
		DB8B6C851F397BB600DD4694 /* GameScene.sks in Resources */ = {isa = PBXBuildFile; fileRef = DB8B6C841F397BB600DD4694 /* GameScene.sks */; };
		DB8B6C871F397BB600DD4694 /* Actions.sks in Resources */ = {isa = PBXBuildFile; fileRef = DB8B6C861F397BB600DD4694 /* Actions.sks */; };
		DB8B6C891F397BB600DD4694 /* GameScene.swift in Sources */ = {isa = PBXBuildFile; fileRef = DB8B6C881F397BB600DD4694 /* GameScene.swift */; };
		DB8B6C8B1F397BB600DD4694 /* GameViewController.swift in Sources */ = {isa = PBXBuildFile; fileRef = DB8B6C8A1F397BB600DD4694 /* GameViewController.swift */; };
		DB8B6C8E1F397BB600DD4694 /* Main.storyboard in Resources */ = {isa = PBXBuildFile; fileRef = DB8B6C8C1F397BB600DD4694 /* Main.storyboard */; };
		DB8B6C931F397BB600DD4694 /* LaunchScreen.storyboard in Resources */ = {isa = PBXBuildFile; fileRef = DB8B6C911F397BB600DD4694 /* LaunchScreen.storyboard */; };
		DB8B6C9E1F397BB600DD4694 /* PolyominoTests.swift in Sources */ = {isa = PBXBuildFile; fileRef = DB8B6C9D1F397BB600DD4694 /* PolyominoTests.swift */; };
		DB8B6CA91F397BB600DD4694 /* TetrisUITests.swift in Sources */ = {isa = PBXBuildFile; fileRef = DB8B6CA81F397BB600DD4694 /* TetrisUITests.swift */; };
		DBAD49101F57DAF000009DDA /* FixedMoveComponent.swift in Sources */ = {isa = PBXBuildFile; fileRef = DBAD490F1F57DAF000009DDA /* FixedMoveComponent.swift */; };
		DBAD49151F57DFBF00009DDA /* SpriteComponent.swift in Sources */ = {isa = PBXBuildFile; fileRef = DBAD49141F57DFBF00009DDA /* SpriteComponent.swift */; };
		DBC8533D1F5CCEF500E02103 /* PolyominoComponent.swift in Sources */ = {isa = PBXBuildFile; fileRef = DBC8533C1F5CCEF500E02103 /* PolyominoComponent.swift */; };
		DBC8533F1F5CEEE100E02103 /* EntityManager.swift in Sources */ = {isa = PBXBuildFile; fileRef = DBC8533E1F5CEEE100E02103 /* EntityManager.swift */; };
/* End PBXBuildFile section */

/* Begin PBXContainerItemProxy section */
		DB8B6C9A1F397BB600DD4694 /* PBXContainerItemProxy */ = {
			isa = PBXContainerItemProxy;
			containerPortal = DB8B6C771F397BB500DD4694 /* Project object */;
			proxyType = 1;
			remoteGlobalIDString = DB8B6C7E1F397BB500DD4694;
			remoteInfo = Tetris;
		};
		DB8B6CA51F397BB600DD4694 /* PBXContainerItemProxy */ = {
			isa = PBXContainerItemProxy;
			containerPortal = DB8B6C771F397BB500DD4694 /* Project object */;
			proxyType = 1;
			remoteGlobalIDString = DB8B6C7E1F397BB500DD4694;
			remoteInfo = Tetris;
		};
/* End PBXContainerItemProxy section */

/* Begin PBXFileReference section */
		DB19C3061F5533EF00B10C2F /* ButtonSpriteNode.swift */ = {isa = PBXFileReference; lastKnownFileType = sourcecode.swift; path = ButtonSpriteNode.swift; sourceTree = "<group>"; };
		DB19C3091F57D0B600B10C2F /* PolyominoEntity.swift */ = {isa = PBXFileReference; lastKnownFileType = sourcecode.swift; path = PolyominoEntity.swift; sourceTree = "<group>"; };
		DB19C30B1F57D2CA00B10C2F /* CompositeSpriteComponent.swift */ = {isa = PBXFileReference; lastKnownFileType = sourcecode.swift; path = CompositeSpriteComponent.swift; sourceTree = "<group>"; };
		DB19C3111F57D3F700B10C2F /* RotationComponent.swift */ = {isa = PBXFileReference; lastKnownFileType = sourcecode.swift; path = RotationComponent.swift; sourceTree = "<group>"; };
		DB21CAC61F51403A00EE73C0 /* hollow_thud.mp3 */ = {isa = PBXFileReference; lastKnownFileType = audio.mp3; path = hollow_thud.mp3; sourceTree = "<group>"; };
		DB21CACE1F53891E00EE73C0 /* Assets.xcassets */ = {isa = PBXFileReference; lastKnownFileType = folder.assetcatalog; path = Assets.xcassets; sourceTree = "<group>"; };
		DB21CACF1F538B2600EE73C0 /* GreenBlocks.atlas */ = {isa = PBXFileReference; lastKnownFileType = folder.skatlas; path = GreenBlocks.atlas; sourceTree = "<group>"; };
		DB21CAD01F538B2600EE73C0 /* PinkBlocks.atlas */ = {isa = PBXFileReference; lastKnownFileType = folder.skatlas; path = PinkBlocks.atlas; sourceTree = "<group>"; };
		DB21CAD11F538B2600EE73C0 /* YellowBlocks.atlas */ = {isa = PBXFileReference; lastKnownFileType = folder.skatlas; path = YellowBlocks.atlas; sourceTree = "<group>"; };
		DB21CAD21F538B2600EE73C0 /* BlueBlocks.atlas */ = {isa = PBXFileReference; lastKnownFileType = folder.skatlas; path = BlueBlocks.atlas; sourceTree = "<group>"; };
		DB3408E81F3ADDD5000A1F5F /* PolyominoCreator.swift */ = {isa = PBXFileReference; lastKnownFileType = sourcecode.swift; path = PolyominoCreator.swift; sourceTree = "<group>"; };
		DB3408EA1F3ADDEE000A1F5F /* Polyomino.swift */ = {isa = PBXFileReference; lastKnownFileType = sourcecode.swift; path = Polyomino.swift; sourceTree = "<group>"; };
		DB3D806E1F5DF6D300890336 /* ArenaEntity.swift */ = {isa = PBXFileReference; lastKnownFileType = sourcecode.swift; path = ArenaEntity.swift; sourceTree = "<group>"; };
		DB3D80701F5DF73F00890336 /* TetrisEntity.swift */ = {isa = PBXFileReference; lastKnownFileType = sourcecode.swift; path = TetrisEntity.swift; sourceTree = "<group>"; };
		DB3D80741F5DF81000890336 /* ArenaComponent.swift */ = {isa = PBXFileReference; lastKnownFileType = sourcecode.swift; path = ArenaComponent.swift; sourceTree = "<group>"; };
		DB4558EB1F3F805C002BD1AA /* CGPointExtensionTests.swift */ = {isa = PBXFileReference; lastKnownFileType = sourcecode.swift; path = CGPointExtensionTests.swift; sourceTree = "<group>"; };
		DB4558ED1F3FCDAF002BD1AA /* PolyominoCreatorTests.swift */ = {isa = PBXFileReference; lastKnownFileType = sourcecode.swift; path = PolyominoCreatorTests.swift; sourceTree = "<group>"; };
		DB653B2E1F3EC131004AA01E /* CGPointExtensions.swift */ = {isa = PBXFileReference; lastKnownFileType = sourcecode.swift; path = CGPointExtensions.swift; sourceTree = "<group>"; };
		DB653B301F4118BC004AA01E /* GameConstants.swift */ = {isa = PBXFileReference; lastKnownFileType = sourcecode.swift; path = GameConstants.swift; sourceTree = "<group>"; };
		DB6CB59B1F5D1471009D6B8F /* CollisionCheckingComponent.swift */ = {isa = PBXFileReference; lastKnownFileType = sourcecode.swift; path = CollisionCheckingComponent.swift; sourceTree = "<group>"; };
		DB88A6491F5E17D40059D5BC /* SpawnAreaEntity.swift */ = {isa = PBXFileReference; lastKnownFileType = sourcecode.swift; path = SpawnAreaEntity.swift; sourceTree = "<group>"; };
		DB88A64B1F5E18F20059D5BC /* SpawnAreaComponent.swift */ = {isa = PBXFileReference; lastKnownFileType = sourcecode.swift; path = SpawnAreaComponent.swift; sourceTree = "<group>"; };
		DB8B6C7F1F397BB600DD4694 /* Tetris.app */ = {isa = PBXFileReference; explicitFileType = wrapper.application; includeInIndex = 0; path = Tetris.app; sourceTree = BUILT_PRODUCTS_DIR; };
		DB8B6C821F397BB600DD4694 /* AppDelegate.swift */ = {isa = PBXFileReference; lastKnownFileType = sourcecode.swift; path = AppDelegate.swift; sourceTree = "<group>"; };
		DB8B6C841F397BB600DD4694 /* GameScene.sks */ = {isa = PBXFileReference; lastKnownFileType = file.sks; path = GameScene.sks; sourceTree = "<group>"; };
		DB8B6C861F397BB600DD4694 /* Actions.sks */ = {isa = PBXFileReference; lastKnownFileType = file.sks; path = Actions.sks; sourceTree = "<group>"; };
		DB8B6C881F397BB600DD4694 /* GameScene.swift */ = {isa = PBXFileReference; lastKnownFileType = sourcecode.swift; path = GameScene.swift; sourceTree = "<group>"; };
		DB8B6C8A1F397BB600DD4694 /* GameViewController.swift */ = {isa = PBXFileReference; lastKnownFileType = sourcecode.swift; path = GameViewController.swift; sourceTree = "<group>"; };
		DB8B6C8D1F397BB600DD4694 /* Base */ = {isa = PBXFileReference; lastKnownFileType = file.storyboard; name = Base; path = Base.lproj/Main.storyboard; sourceTree = "<group>"; };
		DB8B6C921F397BB600DD4694 /* Base */ = {isa = PBXFileReference; lastKnownFileType = file.storyboard; name = Base; path = Base.lproj/LaunchScreen.storyboard; sourceTree = "<group>"; };
		DB8B6C941F397BB600DD4694 /* Info.plist */ = {isa = PBXFileReference; lastKnownFileType = text.plist.xml; path = Info.plist; sourceTree = "<group>"; };
		DB8B6C991F397BB600DD4694 /* TetrisTests.xctest */ = {isa = PBXFileReference; explicitFileType = wrapper.cfbundle; includeInIndex = 0; path = TetrisTests.xctest; sourceTree = BUILT_PRODUCTS_DIR; };
		DB8B6C9D1F397BB600DD4694 /* PolyominoTests.swift */ = {isa = PBXFileReference; lastKnownFileType = sourcecode.swift; path = PolyominoTests.swift; sourceTree = "<group>"; };
		DB8B6C9F1F397BB600DD4694 /* Info.plist */ = {isa = PBXFileReference; lastKnownFileType = text.plist.xml; path = Info.plist; sourceTree = "<group>"; };
		DB8B6CA41F397BB600DD4694 /* TetrisUITests.xctest */ = {isa = PBXFileReference; explicitFileType = wrapper.cfbundle; includeInIndex = 0; path = TetrisUITests.xctest; sourceTree = BUILT_PRODUCTS_DIR; };
		DB8B6CA81F397BB600DD4694 /* TetrisUITests.swift */ = {isa = PBXFileReference; lastKnownFileType = sourcecode.swift; path = TetrisUITests.swift; sourceTree = "<group>"; };
		DB8B6CAA1F397BB600DD4694 /* Info.plist */ = {isa = PBXFileReference; lastKnownFileType = text.plist.xml; path = Info.plist; sourceTree = "<group>"; };
		DBAD490F1F57DAF000009DDA /* FixedMoveComponent.swift */ = {isa = PBXFileReference; lastKnownFileType = sourcecode.swift; path = FixedMoveComponent.swift; sourceTree = "<group>"; };
		DBAD49141F57DFBF00009DDA /* SpriteComponent.swift */ = {isa = PBXFileReference; lastKnownFileType = sourcecode.swift; path = SpriteComponent.swift; sourceTree = "<group>"; };
		DBC8533C1F5CCEF500E02103 /* PolyominoComponent.swift */ = {isa = PBXFileReference; lastKnownFileType = sourcecode.swift; path = PolyominoComponent.swift; sourceTree = "<group>"; };
		DBC8533E1F5CEEE100E02103 /* EntityManager.swift */ = {isa = PBXFileReference; lastKnownFileType = sourcecode.swift; path = EntityManager.swift; sourceTree = "<group>"; };
/* End PBXFileReference section */

/* Begin PBXFrameworksBuildPhase section */
		DB8B6C7C1F397BB500DD4694 /* Frameworks */ = {
			isa = PBXFrameworksBuildPhase;
			buildActionMask = 2147483647;
			files = (
			);
			runOnlyForDeploymentPostprocessing = 0;
		};
		DB8B6C961F397BB600DD4694 /* Frameworks */ = {
			isa = PBXFrameworksBuildPhase;
			buildActionMask = 2147483647;
			files = (
			);
			runOnlyForDeploymentPostprocessing = 0;
		};
		DB8B6CA11F397BB600DD4694 /* Frameworks */ = {
			isa = PBXFrameworksBuildPhase;
			buildActionMask = 2147483647;
			files = (
			);
			runOnlyForDeploymentPostprocessing = 0;
		};
/* End PBXFrameworksBuildPhase section */

/* Begin PBXGroup section */
		DB19C3051F5533B300B10C2F /* UIComponents */ = {
			isa = PBXGroup;
			children = (
				DB19C3061F5533EF00B10C2F /* ButtonSpriteNode.swift */,
			);
			path = UIComponents;
			sourceTree = "<group>";
		};
		DB19C3081F57D09E00B10C2F /* Entities */ = {
			isa = PBXGroup;
			children = (
				DB19C3091F57D0B600B10C2F /* PolyominoEntity.swift */,
				DBC8533E1F5CEEE100E02103 /* EntityManager.swift */,
				DB3D806E1F5DF6D300890336 /* ArenaEntity.swift */,
				DB3D80701F5DF73F00890336 /* TetrisEntity.swift */,
				DB88A6491F5E17D40059D5BC /* SpawnAreaEntity.swift */,
			);
			path = Entities;
			sourceTree = "<group>";
		};
		DB21CAC11F513E3700EE73C0 /* Sounds */ = {
			isa = PBXGroup;
			children = (
				DB21CAC61F51403A00EE73C0 /* hollow_thud.mp3 */,
			);
			path = Sounds;
			sourceTree = "<group>";
		};
		DB653B371F48B14D004AA01E /* Polyomino */ = {
			isa = PBXGroup;
			children = (
				DB653B2E1F3EC131004AA01E /* CGPointExtensions.swift */,
				DB3408E81F3ADDD5000A1F5F /* PolyominoCreator.swift */,
				DB3408EA1F3ADDEE000A1F5F /* Polyomino.swift */,
			);
			path = Polyomino;
			sourceTree = "<group>";
		};
		DB653B381F48B16B004AA01E /* Supporting Files */ = {
			isa = PBXGroup;
			children = (
				DB21CACE1F53891E00EE73C0 /* Assets.xcassets */,
				DB21CAD21F538B2600EE73C0 /* BlueBlocks.atlas */,
				DB21CACF1F538B2600EE73C0 /* GreenBlocks.atlas */,
				DB21CAD01F538B2600EE73C0 /* PinkBlocks.atlas */,
				DB21CAD11F538B2600EE73C0 /* YellowBlocks.atlas */,
				DB8B6C841F397BB600DD4694 /* GameScene.sks */,
				DB8B6C861F397BB600DD4694 /* Actions.sks */,
				DB8B6C8C1F397BB600DD4694 /* Main.storyboard */,
				DB8B6C911F397BB600DD4694 /* LaunchScreen.storyboard */,
				DB8B6C941F397BB600DD4694 /* Info.plist */,
			);
			path = "Supporting Files";
			sourceTree = "<group>";
		};
		DB653B3B1F48B30A004AA01E /* GameComponents */ = {
			isa = PBXGroup;
			children = (
				DBAD49141F57DFBF00009DDA /* SpriteComponent.swift */,
				DB19C30B1F57D2CA00B10C2F /* CompositeSpriteComponent.swift */,
				DB19C3111F57D3F700B10C2F /* RotationComponent.swift */,
				DBAD490F1F57DAF000009DDA /* FixedMoveComponent.swift */,
				DBC8533C1F5CCEF500E02103 /* PolyominoComponent.swift */,
				DB6CB59B1F5D1471009D6B8F /* CollisionCheckingComponent.swift */,
				DB3D80741F5DF81000890336 /* ArenaComponent.swift */,
				DB88A64B1F5E18F20059D5BC /* SpawnAreaComponent.swift */,
			);
			path = GameComponents;
			sourceTree = "<group>";
		};
		DB8B6C761F397BB500DD4694 = {
			isa = PBXGroup;
			children = (
				DB8B6C811F397BB600DD4694 /* Tetris */,
				DB8B6C9C1F397BB600DD4694 /* TetrisTests */,
				DB8B6CA71F397BB600DD4694 /* TetrisUITests */,
				DB8B6C801F397BB600DD4694 /* Products */,
			);
			sourceTree = "<group>";
		};
		DB8B6C801F397BB600DD4694 /* Products */ = {
			isa = PBXGroup;
			children = (
				DB8B6C7F1F397BB600DD4694 /* Tetris.app */,
				DB8B6C991F397BB600DD4694 /* TetrisTests.xctest */,
				DB8B6CA41F397BB600DD4694 /* TetrisUITests.xctest */,
			);
			name = Products;
			sourceTree = "<group>";
		};
		DB8B6C811F397BB600DD4694 /* Tetris */ = {
			isa = PBXGroup;
			children = (
				DB19C3081F57D09E00B10C2F /* Entities */,
				DB653B381F48B16B004AA01E /* Supporting Files */,
				DB19C3051F5533B300B10C2F /* UIComponents */,
				DB21CAC11F513E3700EE73C0 /* Sounds */,
				DB653B3B1F48B30A004AA01E /* GameComponents */,
				DB653B371F48B14D004AA01E /* Polyomino */,
				DB653B301F4118BC004AA01E /* GameConstants.swift */,
				DB8B6C881F397BB600DD4694 /* GameScene.swift */,
				DB8B6C821F397BB600DD4694 /* AppDelegate.swift */,
				DB8B6C8A1F397BB600DD4694 /* GameViewController.swift */,
			);
			path = Tetris;
			sourceTree = "<group>";
		};
		DB8B6C9C1F397BB600DD4694 /* TetrisTests */ = {
			isa = PBXGroup;
			children = (
				DB8B6C9D1F397BB600DD4694 /* PolyominoTests.swift */,
				DB4558EB1F3F805C002BD1AA /* CGPointExtensionTests.swift */,
				DB4558ED1F3FCDAF002BD1AA /* PolyominoCreatorTests.swift */,
				DB8B6C9F1F397BB600DD4694 /* Info.plist */,
			);
			path = TetrisTests;
			sourceTree = "<group>";
		};
		DB8B6CA71F397BB600DD4694 /* TetrisUITests */ = {
			isa = PBXGroup;
			children = (
				DB8B6CA81F397BB600DD4694 /* TetrisUITests.swift */,
				DB8B6CAA1F397BB600DD4694 /* Info.plist */,
			);
			path = TetrisUITests;
			sourceTree = "<group>";
		};
/* End PBXGroup section */

/* Begin PBXNativeTarget section */
		DB8B6C7E1F397BB500DD4694 /* Tetris */ = {
			isa = PBXNativeTarget;
			buildConfigurationList = DB8B6CAD1F397BB600DD4694 /* Build configuration list for PBXNativeTarget "Tetris" */;
			buildPhases = (
				DB8B6C7B1F397BB500DD4694 /* Sources */,
				DB8B6C7C1F397BB500DD4694 /* Frameworks */,
				DB8B6C7D1F397BB500DD4694 /* Resources */,
			);
			buildRules = (
			);
			dependencies = (
			);
			name = Tetris;
			productName = Tetris;
			productReference = DB8B6C7F1F397BB600DD4694 /* Tetris.app */;
			productType = "com.apple.product-type.application";
		};
		DB8B6C981F397BB600DD4694 /* TetrisTests */ = {
			isa = PBXNativeTarget;
			buildConfigurationList = DB8B6CB01F397BB600DD4694 /* Build configuration list for PBXNativeTarget "TetrisTests" */;
			buildPhases = (
				DB8B6C951F397BB600DD4694 /* Sources */,
				DB8B6C961F397BB600DD4694 /* Frameworks */,
				DB8B6C971F397BB600DD4694 /* Resources */,
			);
			buildRules = (
			);
			dependencies = (
				DB8B6C9B1F397BB600DD4694 /* PBXTargetDependency */,
			);
			name = TetrisTests;
			productName = TetrisTests;
			productReference = DB8B6C991F397BB600DD4694 /* TetrisTests.xctest */;
			productType = "com.apple.product-type.bundle.unit-test";
		};
		DB8B6CA31F397BB600DD4694 /* TetrisUITests */ = {
			isa = PBXNativeTarget;
			buildConfigurationList = DB8B6CB31F397BB600DD4694 /* Build configuration list for PBXNativeTarget "TetrisUITests" */;
			buildPhases = (
				DB8B6CA01F397BB600DD4694 /* Sources */,
				DB8B6CA11F397BB600DD4694 /* Frameworks */,
				DB8B6CA21F397BB600DD4694 /* Resources */,
			);
			buildRules = (
			);
			dependencies = (
				DB8B6CA61F397BB600DD4694 /* PBXTargetDependency */,
			);
			name = TetrisUITests;
			productName = TetrisUITests;
			productReference = DB8B6CA41F397BB600DD4694 /* TetrisUITests.xctest */;
			productType = "com.apple.product-type.bundle.ui-testing";
		};
/* End PBXNativeTarget section */

/* Begin PBXProject section */
		DB8B6C771F397BB500DD4694 /* Project object */ = {
			isa = PBXProject;
			attributes = {
				LastSwiftUpdateCheck = 0900;
				LastUpgradeCheck = 0900;
				ORGANIZATIONNAME = "Hanzhou Shi";
				TargetAttributes = {
					DB8B6C7E1F397BB500DD4694 = {
						CreatedOnToolsVersion = 9.0;
					};
					DB8B6C981F397BB600DD4694 = {
						CreatedOnToolsVersion = 9.0;
						TestTargetID = DB8B6C7E1F397BB500DD4694;
					};
					DB8B6CA31F397BB600DD4694 = {
						CreatedOnToolsVersion = 9.0;
						TestTargetID = DB8B6C7E1F397BB500DD4694;
					};
				};
			};
			buildConfigurationList = DB8B6C7A1F397BB500DD4694 /* Build configuration list for PBXProject "Tetris" */;
			compatibilityVersion = "Xcode 8.0";
			developmentRegion = en;
			hasScannedForEncodings = 0;
			knownRegions = (
				en,
				Base,
			);
			mainGroup = DB8B6C761F397BB500DD4694;
			productRefGroup = DB8B6C801F397BB600DD4694 /* Products */;
			projectDirPath = "";
			projectRoot = "";
			targets = (
				DB8B6C7E1F397BB500DD4694 /* Tetris */,
				DB8B6C981F397BB600DD4694 /* TetrisTests */,
				DB8B6CA31F397BB600DD4694 /* TetrisUITests */,
			);
		};
/* End PBXProject section */

/* Begin PBXResourcesBuildPhase section */
		DB8B6C7D1F397BB500DD4694 /* Resources */ = {
			isa = PBXResourcesBuildPhase;
			buildActionMask = 2147483647;
			files = (
				DB21CAD41F538DA200EE73C0 /* GreenBlocks.atlas in Resources */,
				DB21CAC71F51403C00EE73C0 /* hollow_thud.mp3 in Resources */,
				DB8B6C8E1F397BB600DD4694 /* Main.storyboard in Resources */,
				DB21CAD51F538DA200EE73C0 /* PinkBlocks.atlas in Resources */,
				DB8B6C851F397BB600DD4694 /* GameScene.sks in Resources */,
				DB8B6C931F397BB600DD4694 /* LaunchScreen.storyboard in Resources */,
				DB8B6C871F397BB600DD4694 /* Actions.sks in Resources */,
				DB21CAD61F538DA200EE73C0 /* YellowBlocks.atlas in Resources */,
				DB21CAD31F538DA200EE73C0 /* BlueBlocks.atlas in Resources */,
			);
			runOnlyForDeploymentPostprocessing = 0;
		};
		DB8B6C971F397BB600DD4694 /* Resources */ = {
			isa = PBXResourcesBuildPhase;
			buildActionMask = 2147483647;
			files = (
			);
			runOnlyForDeploymentPostprocessing = 0;
		};
		DB8B6CA21F397BB600DD4694 /* Resources */ = {
			isa = PBXResourcesBuildPhase;
			buildActionMask = 2147483647;
			files = (
			);
			runOnlyForDeploymentPostprocessing = 0;
		};
/* End PBXResourcesBuildPhase section */

/* Begin PBXSourcesBuildPhase section */
		DB8B6C7B1F397BB500DD4694 /* Sources */ = {
			isa = PBXSourcesBuildPhase;
			buildActionMask = 2147483647;
			files = (
				DB8B6C891F397BB600DD4694 /* GameScene.swift in Sources */,
				DBAD49151F57DFBF00009DDA /* SpriteComponent.swift in Sources */,
				DB3D80711F5DF73F00890336 /* TetrisEntity.swift in Sources */,
				DB88A64A1F5E17D40059D5BC /* SpawnAreaEntity.swift in Sources */,
				DB19C30A1F57D0B600B10C2F /* PolyominoEntity.swift in Sources */,
				DB19C3121F57D3F700B10C2F /* RotationComponent.swift in Sources */,
				DB3D806F1F5DF6D300890336 /* ArenaEntity.swift in Sources */,
				DB8B6C8B1F397BB600DD4694 /* GameViewController.swift in Sources */,
				DB3408EB1F3ADDEE000A1F5F /* Polyomino.swift in Sources */,
				DBC8533F1F5CEEE100E02103 /* EntityManager.swift in Sources */,
				DB3D80751F5DF81000890336 /* ArenaComponent.swift in Sources */,
				DB653B2F1F3EC131004AA01E /* CGPointExtensions.swift in Sources */,
				DB19C3071F5533EF00B10C2F /* ButtonSpriteNode.swift in Sources */,
				DB88A64C1F5E18F20059D5BC /* SpawnAreaComponent.swift in Sources */,
				DBAD49101F57DAF000009DDA /* FixedMoveComponent.swift in Sources */,
				DBC8533D1F5CCEF500E02103 /* PolyominoComponent.swift in Sources */,
				DB19C30C1F57D2CA00B10C2F /* CompositeSpriteComponent.swift in Sources */,
				DB6CB59C1F5D1471009D6B8F /* CollisionCheckingComponent.swift in Sources */,
				DB8B6C831F397BB600DD4694 /* AppDelegate.swift in Sources */,
				DB653B311F4118BC004AA01E /* GameConstants.swift in Sources */,
				DB3408E91F3ADDD5000A1F5F /* PolyominoCreator.swift in Sources */,
			);
			runOnlyForDeploymentPostprocessing = 0;
		};
		DB8B6C951F397BB600DD4694 /* Sources */ = {
			isa = PBXSourcesBuildPhase;
			buildActionMask = 2147483647;
			files = (
				DB4558EC1F3F805C002BD1AA /* CGPointExtensionTests.swift in Sources */,
				DB8B6C9E1F397BB600DD4694 /* PolyominoTests.swift in Sources */,
				DB4558EE1F3FCDAF002BD1AA /* PolyominoCreatorTests.swift in Sources */,
			);
			runOnlyForDeploymentPostprocessing = 0;
		};
		DB8B6CA01F397BB600DD4694 /* Sources */ = {
			isa = PBXSourcesBuildPhase;
			buildActionMask = 2147483647;
			files = (
				DB8B6CA91F397BB600DD4694 /* TetrisUITests.swift in Sources */,
			);
			runOnlyForDeploymentPostprocessing = 0;
		};
/* End PBXSourcesBuildPhase section */

/* Begin PBXTargetDependency section */
		DB8B6C9B1F397BB600DD4694 /* PBXTargetDependency */ = {
			isa = PBXTargetDependency;
			target = DB8B6C7E1F397BB500DD4694 /* Tetris */;
			targetProxy = DB8B6C9A1F397BB600DD4694 /* PBXContainerItemProxy */;
		};
		DB8B6CA61F397BB600DD4694 /* PBXTargetDependency */ = {
			isa = PBXTargetDependency;
			target = DB8B6C7E1F397BB500DD4694 /* Tetris */;
			targetProxy = DB8B6CA51F397BB600DD4694 /* PBXContainerItemProxy */;
		};
/* End PBXTargetDependency section */

/* Begin PBXVariantGroup section */
		DB8B6C8C1F397BB600DD4694 /* Main.storyboard */ = {
			isa = PBXVariantGroup;
			children = (
				DB8B6C8D1F397BB600DD4694 /* Base */,
			);
			name = Main.storyboard;
			sourceTree = "<group>";
		};
		DB8B6C911F397BB600DD4694 /* LaunchScreen.storyboard */ = {
			isa = PBXVariantGroup;
			children = (
				DB8B6C921F397BB600DD4694 /* Base */,
			);
			name = LaunchScreen.storyboard;
			sourceTree = "<group>";
		};
/* End PBXVariantGroup section */

/* Begin XCBuildConfiguration section */
		DB8B6CAB1F397BB600DD4694 /* Debug */ = {
			isa = XCBuildConfiguration;
			buildSettings = {
				ALWAYS_SEARCH_USER_PATHS = NO;
				CLANG_ANALYZER_NONNULL = YES;
				CLANG_ANALYZER_NUMBER_OBJECT_CONVERSION = YES_AGGRESSIVE;
				CLANG_CXX_LANGUAGE_STANDARD = "gnu++14";
				CLANG_CXX_LIBRARY = "libc++";
				CLANG_ENABLE_MODULES = YES;
				CLANG_ENABLE_OBJC_ARC = YES;
				CLANG_WARN_BLOCK_CAPTURE_AUTORELEASING = YES;
				CLANG_WARN_BOOL_CONVERSION = YES;
				CLANG_WARN_COMMA = YES;
				CLANG_WARN_CONSTANT_CONVERSION = YES;
				CLANG_WARN_DIRECT_OBJC_ISA_USAGE = YES_ERROR;
				CLANG_WARN_DOCUMENTATION_COMMENTS = YES;
				CLANG_WARN_EMPTY_BODY = YES;
				CLANG_WARN_ENUM_CONVERSION = YES;
				CLANG_WARN_INFINITE_RECURSION = YES;
				CLANG_WARN_INT_CONVERSION = YES;
				CLANG_WARN_NON_LITERAL_NULL_CONVERSION = YES;
				CLANG_WARN_OBJC_LITERAL_CONVERSION = YES;
				CLANG_WARN_OBJC_ROOT_CLASS = YES_ERROR;
				CLANG_WARN_RANGE_LOOP_ANALYSIS = YES;
				CLANG_WARN_STRICT_PROTOTYPES = YES;
				CLANG_WARN_SUSPICIOUS_MOVE = YES;
				CLANG_WARN_UNGUARDED_AVAILABILITY = YES_AGGRESSIVE;
				CLANG_WARN_UNREACHABLE_CODE = YES;
				CLANG_WARN__DUPLICATE_METHOD_MATCH = YES;
				CODE_SIGN_IDENTITY = "iPhone Developer";
				COPY_PHASE_STRIP = NO;
				DEBUG_INFORMATION_FORMAT = dwarf;
				ENABLE_STRICT_OBJC_MSGSEND = YES;
				ENABLE_TESTABILITY = YES;
				GCC_C_LANGUAGE_STANDARD = gnu11;
				GCC_DYNAMIC_NO_PIC = NO;
				GCC_NO_COMMON_BLOCKS = YES;
				GCC_OPTIMIZATION_LEVEL = 0;
				GCC_PREPROCESSOR_DEFINITIONS = (
					"DEBUG=1",
					"$(inherited)",
				);
				GCC_WARN_64_TO_32_BIT_CONVERSION = YES;
				GCC_WARN_ABOUT_RETURN_TYPE = YES_ERROR;
				GCC_WARN_UNDECLARED_SELECTOR = YES;
				GCC_WARN_UNINITIALIZED_AUTOS = YES_AGGRESSIVE;
				GCC_WARN_UNUSED_FUNCTION = YES;
				GCC_WARN_UNUSED_VARIABLE = YES;
				IPHONEOS_DEPLOYMENT_TARGET = 11.0;
				MTL_ENABLE_DEBUG_INFO = YES;
				ONLY_ACTIVE_ARCH = YES;
				SDKROOT = iphoneos;
				SWIFT_ACTIVE_COMPILATION_CONDITIONS = DEBUG;
				SWIFT_OPTIMIZATION_LEVEL = "-Onone";
			};
			name = Debug;
		};
		DB8B6CAC1F397BB600DD4694 /* Release */ = {
			isa = XCBuildConfiguration;
			buildSettings = {
				ALWAYS_SEARCH_USER_PATHS = NO;
				CLANG_ANALYZER_NONNULL = YES;
				CLANG_ANALYZER_NUMBER_OBJECT_CONVERSION = YES_AGGRESSIVE;
				CLANG_CXX_LANGUAGE_STANDARD = "gnu++14";
				CLANG_CXX_LIBRARY = "libc++";
				CLANG_ENABLE_MODULES = YES;
				CLANG_ENABLE_OBJC_ARC = YES;
				CLANG_WARN_BLOCK_CAPTURE_AUTORELEASING = YES;
				CLANG_WARN_BOOL_CONVERSION = YES;
				CLANG_WARN_COMMA = YES;
				CLANG_WARN_CONSTANT_CONVERSION = YES;
				CLANG_WARN_DIRECT_OBJC_ISA_USAGE = YES_ERROR;
				CLANG_WARN_DOCUMENTATION_COMMENTS = YES;
				CLANG_WARN_EMPTY_BODY = YES;
				CLANG_WARN_ENUM_CONVERSION = YES;
				CLANG_WARN_INFINITE_RECURSION = YES;
				CLANG_WARN_INT_CONVERSION = YES;
				CLANG_WARN_NON_LITERAL_NULL_CONVERSION = YES;
				CLANG_WARN_OBJC_LITERAL_CONVERSION = YES;
				CLANG_WARN_OBJC_ROOT_CLASS = YES_ERROR;
				CLANG_WARN_RANGE_LOOP_ANALYSIS = YES;
				CLANG_WARN_STRICT_PROTOTYPES = YES;
				CLANG_WARN_SUSPICIOUS_MOVE = YES;
				CLANG_WARN_UNGUARDED_AVAILABILITY = YES_AGGRESSIVE;
				CLANG_WARN_UNREACHABLE_CODE = YES;
				CLANG_WARN__DUPLICATE_METHOD_MATCH = YES;
				CODE_SIGN_IDENTITY = "iPhone Developer";
				COPY_PHASE_STRIP = NO;
				DEBUG_INFORMATION_FORMAT = "dwarf-with-dsym";
				ENABLE_NS_ASSERTIONS = NO;
				ENABLE_STRICT_OBJC_MSGSEND = YES;
				GCC_C_LANGUAGE_STANDARD = gnu11;
				GCC_NO_COMMON_BLOCKS = YES;
				GCC_WARN_64_TO_32_BIT_CONVERSION = YES;
				GCC_WARN_ABOUT_RETURN_TYPE = YES_ERROR;
				GCC_WARN_UNDECLARED_SELECTOR = YES;
				GCC_WARN_UNINITIALIZED_AUTOS = YES_AGGRESSIVE;
				GCC_WARN_UNUSED_FUNCTION = YES;
				GCC_WARN_UNUSED_VARIABLE = YES;
				IPHONEOS_DEPLOYMENT_TARGET = 11.0;
				MTL_ENABLE_DEBUG_INFO = NO;
				SDKROOT = iphoneos;
				SWIFT_OPTIMIZATION_LEVEL = "-Owholemodule";
				VALIDATE_PRODUCT = YES;
			};
			name = Release;
		};
		DB8B6CAE1F397BB600DD4694 /* Debug */ = {
			isa = XCBuildConfiguration;
			buildSettings = {
				ASSETCATALOG_COMPILER_APPICON_NAME = AppIcon;
				DEVELOPMENT_TEAM = 687GE6J6LA;
				INFOPLIST_FILE = "$(SRCROOT)/Tetris/Supporting Files/Info.plist";
				IPHONEOS_DEPLOYMENT_TARGET = 10.3;
				LD_RUNPATH_SEARCH_PATHS = "$(inherited) @executable_path/Frameworks";
				PRODUCT_BUNDLE_IDENTIFIER = hanjoes.Tetris;
				PRODUCT_NAME = "$(TARGET_NAME)";
				SWIFT_VERSION = 4.0;
				TARGETED_DEVICE_FAMILY = "1,2";
			};
			name = Debug;
		};
		DB8B6CAF1F397BB600DD4694 /* Release */ = {
			isa = XCBuildConfiguration;
			buildSettings = {
				ASSETCATALOG_COMPILER_APPICON_NAME = AppIcon;
				DEVELOPMENT_TEAM = 687GE6J6LA;
				INFOPLIST_FILE = "$(SRCROOT)/Tetris/Supporting Files/Info.plist";
				IPHONEOS_DEPLOYMENT_TARGET = 10.3;
				LD_RUNPATH_SEARCH_PATHS = "$(inherited) @executable_path/Frameworks";
				PRODUCT_BUNDLE_IDENTIFIER = hanjoes.Tetris;
				PRODUCT_NAME = "$(TARGET_NAME)";
				SWIFT_VERSION = 4.0;
				TARGETED_DEVICE_FAMILY = "1,2";
			};
			name = Release;
		};
		DB8B6CB11F397BB600DD4694 /* Debug */ = {
			isa = XCBuildConfiguration;
			buildSettings = {
				ALWAYS_EMBED_SWIFT_STANDARD_LIBRARIES = YES;
				BUNDLE_LOADER = "$(TEST_HOST)";
				DEVELOPMENT_TEAM = 687GE6J6LA;
				INFOPLIST_FILE = TetrisTests/Info.plist;
				LD_RUNPATH_SEARCH_PATHS = "$(inherited) @executable_path/Frameworks @loader_path/Frameworks";
				PRODUCT_BUNDLE_IDENTIFIER = hanjoes.TetrisTests;
				PRODUCT_NAME = "$(TARGET_NAME)";
				SWIFT_VERSION = 4.0;
				TARGETED_DEVICE_FAMILY = "1,2";
				TEST_HOST = "$(BUILT_PRODUCTS_DIR)/Tetris.app/Tetris";
			};
			name = Debug;
		};
		DB8B6CB21F397BB600DD4694 /* Release */ = {
			isa = XCBuildConfiguration;
			buildSettings = {
				ALWAYS_EMBED_SWIFT_STANDARD_LIBRARIES = YES;
				BUNDLE_LOADER = "$(TEST_HOST)";
				DEVELOPMENT_TEAM = 687GE6J6LA;
				INFOPLIST_FILE = TetrisTests/Info.plist;
				LD_RUNPATH_SEARCH_PATHS = "$(inherited) @executable_path/Frameworks @loader_path/Frameworks";
				PRODUCT_BUNDLE_IDENTIFIER = hanjoes.TetrisTests;
				PRODUCT_NAME = "$(TARGET_NAME)";
				SWIFT_VERSION = 4.0;
				TARGETED_DEVICE_FAMILY = "1,2";
				TEST_HOST = "$(BUILT_PRODUCTS_DIR)/Tetris.app/Tetris";
			};
			name = Release;
		};
		DB8B6CB41F397BB600DD4694 /* Debug */ = {
			isa = XCBuildConfiguration;
			buildSettings = {
				ALWAYS_EMBED_SWIFT_STANDARD_LIBRARIES = YES;
				DEVELOPMENT_TEAM = 687GE6J6LA;
				INFOPLIST_FILE = TetrisUITests/Info.plist;
				LD_RUNPATH_SEARCH_PATHS = "$(inherited) @executable_path/Frameworks @loader_path/Frameworks";
				PRODUCT_BUNDLE_IDENTIFIER = hanjoes.TetrisUITests;
				PRODUCT_NAME = "$(TARGET_NAME)";
				SWIFT_VERSION = 4.0;
				TARGETED_DEVICE_FAMILY = "1,2";
				TEST_TARGET_NAME = Tetris;
			};
			name = Debug;
		};
		DB8B6CB51F397BB600DD4694 /* Release */ = {
			isa = XCBuildConfiguration;
			buildSettings = {
				ALWAYS_EMBED_SWIFT_STANDARD_LIBRARIES = YES;
				DEVELOPMENT_TEAM = 687GE6J6LA;
				INFOPLIST_FILE = TetrisUITests/Info.plist;
				LD_RUNPATH_SEARCH_PATHS = "$(inherited) @executable_path/Frameworks @loader_path/Frameworks";
				PRODUCT_BUNDLE_IDENTIFIER = hanjoes.TetrisUITests;
				PRODUCT_NAME = "$(TARGET_NAME)";
				SWIFT_VERSION = 4.0;
				TARGETED_DEVICE_FAMILY = "1,2";
				TEST_TARGET_NAME = Tetris;
			};
			name = Release;
		};
/* End XCBuildConfiguration section */

/* Begin XCConfigurationList section */
		DB8B6C7A1F397BB500DD4694 /* Build configuration list for PBXProject "Tetris" */ = {
			isa = XCConfigurationList;
			buildConfigurations = (
				DB8B6CAB1F397BB600DD4694 /* Debug */,
				DB8B6CAC1F397BB600DD4694 /* Release */,
			);
			defaultConfigurationIsVisible = 0;
			defaultConfigurationName = Release;
		};
		DB8B6CAD1F397BB600DD4694 /* Build configuration list for PBXNativeTarget "Tetris" */ = {
			isa = XCConfigurationList;
			buildConfigurations = (
				DB8B6CAE1F397BB600DD4694 /* Debug */,
				DB8B6CAF1F397BB600DD4694 /* Release */,
			);
			defaultConfigurationIsVisible = 0;
			defaultConfigurationName = Release;
		};
		DB8B6CB01F397BB600DD4694 /* Build configuration list for PBXNativeTarget "TetrisTests" */ = {
			isa = XCConfigurationList;
			buildConfigurations = (
				DB8B6CB11F397BB600DD4694 /* Debug */,
				DB8B6CB21F397BB600DD4694 /* Release */,
			);
			defaultConfigurationIsVisible = 0;
			defaultConfigurationName = Release;
		};
		DB8B6CB31F397BB600DD4694 /* Build configuration list for PBXNativeTarget "TetrisUITests" */ = {
			isa = XCConfigurationList;
			buildConfigurations = (
				DB8B6CB41F397BB600DD4694 /* Debug */,
				DB8B6CB51F397BB600DD4694 /* Release */,
			);
			defaultConfigurationIsVisible = 0;
			defaultConfigurationName = Release;
		};
/* End XCConfigurationList section */
	};
	rootObject = DB8B6C771F397BB500DD4694 /* Project object */;
}
