// !$*UTF8*$!
{
	archiveVersion = 1;
	classes = {
	};
	objectVersion = 48;
	objects = {

/* Begin PBXBuildFile section */
		27AE0720A1BF940245F0C29B /* Pods_TetrisTests.framework in Frameworks */ = {isa = PBXBuildFile; fileRef = A902C88644D0FA29BE93EF7C /* Pods_TetrisTests.framework */; };
		77AFC941AE907E1635E60016 /* Pods_TetrisUITests.framework in Frameworks */ = {isa = PBXBuildFile; fileRef = A0B58FCD4EE911902A94DD5E /* Pods_TetrisUITests.framework */; };
		CEB91EF20A453144DC548D1E /* Pods_Tetris.framework in Frameworks */ = {isa = PBXBuildFile; fileRef = 5128D1C115A93B73F34F9D83 /* Pods_Tetris.framework */; };
		DB15A6D71F78CB1F008737DD /* Tetris.swift in Sources */ = {isa = PBXBuildFile; fileRef = DB15A6D61F78CB1F008737DD /* Tetris.swift */; };
		DB15A6D91F7CB190008737DD /* CroppingComponent.swift in Sources */ = {isa = PBXBuildFile; fileRef = DB15A6D81F7CB190008737DD /* CroppingComponent.swift */; };
		DB19C30A1F57D0B600B10C2F /* PolyominoEntity.swift in Sources */ = {isa = PBXBuildFile; fileRef = DB19C3091F57D0B600B10C2F /* PolyominoEntity.swift */; };
		DB19C30C1F57D2CA00B10C2F /* CompositeSpriteComponent.swift in Sources */ = {isa = PBXBuildFile; fileRef = DB19C30B1F57D2CA00B10C2F /* CompositeSpriteComponent.swift */; };
		DB19C3121F57D3F700B10C2F /* RotationComponent.swift in Sources */ = {isa = PBXBuildFile; fileRef = DB19C3111F57D3F700B10C2F /* RotationComponent.swift */; };
		DB21CAC71F51403C00EE73C0 /* hollow_thud.mp3 in Resources */ = {isa = PBXBuildFile; fileRef = DB21CAC61F51403A00EE73C0 /* hollow_thud.mp3 */; };
		DB3408E91F3ADDD5000A1F5F /* PolyominoCreator.swift in Sources */ = {isa = PBXBuildFile; fileRef = DB3408E81F3ADDD5000A1F5F /* PolyominoCreator.swift */; };
		DB3408EB1F3ADDEE000A1F5F /* Polyomino.swift in Sources */ = {isa = PBXBuildFile; fileRef = DB3408EA1F3ADDEE000A1F5F /* Polyomino.swift */; };
		DB34BC011F6F687B00995392 /* RuleComponent.swift in Sources */ = {isa = PBXBuildFile; fileRef = DB34BC001F6F687B00995392 /* RuleComponent.swift */; };
		DB3D806F1F5DF6D300890336 /* ArenaEntity.swift in Sources */ = {isa = PBXBuildFile; fileRef = DB3D806E1F5DF6D300890336 /* ArenaEntity.swift */; };
		DB3D80711F5DF73F00890336 /* TetrisEntity.swift in Sources */ = {isa = PBXBuildFile; fileRef = DB3D80701F5DF73F00890336 /* TetrisEntity.swift */; };
		DB3D80751F5DF81000890336 /* ArenaComponent.swift in Sources */ = {isa = PBXBuildFile; fileRef = DB3D80741F5DF81000890336 /* ArenaComponent.swift */; };
		DB4558EC1F3F805C002BD1AA /* CGPointExtensionTests.swift in Sources */ = {isa = PBXBuildFile; fileRef = DB4558EB1F3F805C002BD1AA /* CGPointExtensionTests.swift */; };
		DB55B7261F70EA730022C2D2 /* tetris_start_music.mp3 in Resources */ = {isa = PBXBuildFile; fileRef = DB04A9FD1F70E925007A03F3 /* tetris_start_music.mp3 */; };
		DB55B7291F723CA20022C2D2 /* game_music.mp3 in Resources */ = {isa = PBXBuildFile; fileRef = DB55B7281F723BA20022C2D2 /* game_music.mp3 */; };
		DB5960B61F801A0E00967FF6 /* TetrisCellTextures.atlas in Resources */ = {isa = PBXBuildFile; fileRef = DB5960B51F80184600967FF6 /* TetrisCellTextures.atlas */; };
		DB5960B91F807C5100967FF6 /* PlayState.swift in Sources */ = {isa = PBXBuildFile; fileRef = DB5960B81F807C5100967FF6 /* PlayState.swift */; };
		DB5960BB1F807C5C00967FF6 /* PauseState.swift in Sources */ = {isa = PBXBuildFile; fileRef = DB5960BA1F807C5C00967FF6 /* PauseState.swift */; };
		DB5960BD1F807FC200967FF6 /* TetrisState.swift in Sources */ = {isa = PBXBuildFile; fileRef = DB5960BC1F807FC200967FF6 /* TetrisState.swift */; };
		DB5C77BF1F5E674100A05E04 /* ScoreEntity.swift in Sources */ = {isa = PBXBuildFile; fileRef = DB5C77BE1F5E674100A05E04 /* ScoreEntity.swift */; };
		DB5C77C11F5E67C500A05E04 /* LabelComponent.swift in Sources */ = {isa = PBXBuildFile; fileRef = DB5C77C01F5E67C500A05E04 /* LabelComponent.swift */; };
		DB653B2F1F3EC131004AA01E /* CGPointExtensions.swift in Sources */ = {isa = PBXBuildFile; fileRef = DB653B2E1F3EC131004AA01E /* CGPointExtensions.swift */; };
		DB653B311F4118BC004AA01E /* GameConstants.swift in Sources */ = {isa = PBXBuildFile; fileRef = DB653B301F4118BC004AA01E /* GameConstants.swift */; };
		DB69871D1F61086E00F32069 /* GameOverScene.sks in Resources */ = {isa = PBXBuildFile; fileRef = DB69871C1F61086E00F32069 /* GameOverScene.sks */; };
		DB6987321F63BF6900F32069 /* GameOverScene.swift in Sources */ = {isa = PBXBuildFile; fileRef = DB6987311F63BF6900F32069 /* GameOverScene.swift */; };
		DB6987361F6516BE00F32069 /* GameStartScene.sks in Resources */ = {isa = PBXBuildFile; fileRef = DB6987351F65145000F32069 /* GameStartScene.sks */; };
		DB6CB59C1F5D1471009D6B8F /* CollisionCheckingComponent.swift in Sources */ = {isa = PBXBuildFile; fileRef = DB6CB59B1F5D1471009D6B8F /* CollisionCheckingComponent.swift */; };
		DB6D32781F80BDCE00DA828C /* Assets.xcassets in Resources */ = {isa = PBXBuildFile; fileRef = DB6D32771F80BC6300DA828C /* Assets.xcassets */; };
		DB88A64A1F5E17D40059D5BC /* SpawnAreaEntity.swift in Sources */ = {isa = PBXBuildFile; fileRef = DB88A6491F5E17D40059D5BC /* SpawnAreaEntity.swift */; };
		DB88A64C1F5E18F20059D5BC /* SpawnAreaComponent.swift in Sources */ = {isa = PBXBuildFile; fileRef = DB88A64B1F5E18F20059D5BC /* SpawnAreaComponent.swift */; };
		DB8B6C831F397BB600DD4694 /* AppDelegate.swift in Sources */ = {isa = PBXBuildFile; fileRef = DB8B6C821F397BB600DD4694 /* AppDelegate.swift */; };
		DB8B6C851F397BB600DD4694 /* GameScene.sks in Resources */ = {isa = PBXBuildFile; fileRef = DB8B6C841F397BB600DD4694 /* GameScene.sks */; };
		DB8B6C871F397BB600DD4694 /* Actions.sks in Resources */ = {isa = PBXBuildFile; fileRef = DB8B6C861F397BB600DD4694 /* Actions.sks */; };
		DB8B6C891F397BB600DD4694 /* GameScene.swift in Sources */ = {isa = PBXBuildFile; fileRef = DB8B6C881F397BB600DD4694 /* GameScene.swift */; };
		DB8B6C8B1F397BB600DD4694 /* GameViewController.swift in Sources */ = {isa = PBXBuildFile; fileRef = DB8B6C8A1F397BB600DD4694 /* GameViewController.swift */; };
		DB8B6C8E1F397BB600DD4694 /* Main.storyboard in Resources */ = {isa = PBXBuildFile; fileRef = DB8B6C8C1F397BB600DD4694 /* Main.storyboard */; };
		DB8B6C931F397BB600DD4694 /* LaunchScreen.storyboard in Resources */ = {isa = PBXBuildFile; fileRef = DB8B6C911F397BB600DD4694 /* LaunchScreen.storyboard */; };
		DB8B6CA91F397BB600DD4694 /* TetrisUITests.swift in Sources */ = {isa = PBXBuildFile; fileRef = DB8B6CA81F397BB600DD4694 /* TetrisUITests.swift */; };
		DBAD49101F57DAF000009DDA /* FixedMoveComponent.swift in Sources */ = {isa = PBXBuildFile; fileRef = DBAD490F1F57DAF000009DDA /* FixedMoveComponent.swift */; };
		DBAD49151F57DFBF00009DDA /* SpriteComponent.swift in Sources */ = {isa = PBXBuildFile; fileRef = DBAD49141F57DFBF00009DDA /* SpriteComponent.swift */; };
		DBC8533D1F5CCEF500E02103 /* PolyominoComponent.swift in Sources */ = {isa = PBXBuildFile; fileRef = DBC8533C1F5CCEF500E02103 /* PolyominoComponent.swift */; };
		DBC8533F1F5CEEE100E02103 /* EntityManager.swift in Sources */ = {isa = PBXBuildFile; fileRef = DBC8533E1F5CEEE100E02103 /* EntityManager.swift */; };
		DBE3163D1F68F2A500284AF8 /* GameStartScene.swift in Sources */ = {isa = PBXBuildFile; fileRef = DBE3163C1F68F2A500284AF8 /* GameStartScene.swift */; };
/* End PBXBuildFile section */

/* Begin PBXContainerItemProxy section */
		DB8B6C9A1F397BB600DD4694 /* PBXContainerItemProxy */ = {
			isa = PBXContainerItemProxy;
			containerPortal = DB8B6C771F397BB500DD4694 /* Project object */;
			proxyType = 1;
			remoteGlobalIDString = DB8B6C7E1F397BB500DD4694;
			remoteInfo = Tetris;
		};
		DB8B6CA51F397BB600DD4694 /* PBXContainerItemProxy */ = {
			isa = PBXContainerItemProxy;
			containerPortal = DB8B6C771F397BB500DD4694 /* Project object */;
			proxyType = 1;
			remoteGlobalIDString = DB8B6C7E1F397BB500DD4694;
			remoteInfo = Tetris;
		};
/* End PBXContainerItemProxy section */

/* Begin PBXFileReference section */
		019FA08E109EC4D07C58F9B5 /* Pods-TetrisUITests.release.xcconfig */ = {isa = PBXFileReference; includeInIndex = 1; lastKnownFileType = text.xcconfig; name = "Pods-TetrisUITests.release.xcconfig"; path = "Pods/Target Support Files/Pods-TetrisUITests/Pods-TetrisUITests.release.xcconfig"; sourceTree = "<group>"; };
		2014F57840F75D5DEAA8E5F1 /* Pods-TetrisTests.debug.xcconfig */ = {isa = PBXFileReference; includeInIndex = 1; lastKnownFileType = text.xcconfig; name = "Pods-TetrisTests.debug.xcconfig"; path = "Pods/Target Support Files/Pods-TetrisTests/Pods-TetrisTests.debug.xcconfig"; sourceTree = "<group>"; };
		2DB7C46C7DAD06AA14D20452 /* Pods-Tetris.release.xcconfig */ = {isa = PBXFileReference; includeInIndex = 1; lastKnownFileType = text.xcconfig; name = "Pods-Tetris.release.xcconfig"; path = "Pods/Target Support Files/Pods-Tetris/Pods-Tetris.release.xcconfig"; sourceTree = "<group>"; };
		4C96A93394E74EC8E30A301A /* Pods-Tetris.debug.xcconfig */ = {isa = PBXFileReference; includeInIndex = 1; lastKnownFileType = text.xcconfig; name = "Pods-Tetris.debug.xcconfig"; path = "Pods/Target Support Files/Pods-Tetris/Pods-Tetris.debug.xcconfig"; sourceTree = "<group>"; };
		5128D1C115A93B73F34F9D83 /* Pods_Tetris.framework */ = {isa = PBXFileReference; explicitFileType = wrapper.framework; includeInIndex = 0; path = Pods_Tetris.framework; sourceTree = BUILT_PRODUCTS_DIR; };
		A0B58FCD4EE911902A94DD5E /* Pods_TetrisUITests.framework */ = {isa = PBXFileReference; explicitFileType = wrapper.framework; includeInIndex = 0; path = Pods_TetrisUITests.framework; sourceTree = BUILT_PRODUCTS_DIR; };
		A2A5DCD06C354301A80D8DCF /* Pods-TetrisUITests.debug.xcconfig */ = {isa = PBXFileReference; includeInIndex = 1; lastKnownFileType = text.xcconfig; name = "Pods-TetrisUITests.debug.xcconfig"; path = "Pods/Target Support Files/Pods-TetrisUITests/Pods-TetrisUITests.debug.xcconfig"; sourceTree = "<group>"; };
		A902C88644D0FA29BE93EF7C /* Pods_TetrisTests.framework */ = {isa = PBXFileReference; explicitFileType = wrapper.framework; includeInIndex = 0; path = Pods_TetrisTests.framework; sourceTree = BUILT_PRODUCTS_DIR; };
		C41C5BC2C01BBE8474A9B542 /* Pods-TetrisTests.release.xcconfig */ = {isa = PBXFileReference; includeInIndex = 1; lastKnownFileType = text.xcconfig; name = "Pods-TetrisTests.release.xcconfig"; path = "Pods/Target Support Files/Pods-TetrisTests/Pods-TetrisTests.release.xcconfig"; sourceTree = "<group>"; };
		DB04A9FD1F70E925007A03F3 /* tetris_start_music.mp3 */ = {isa = PBXFileReference; lastKnownFileType = audio.mp3; path = tetris_start_music.mp3; sourceTree = "<group>"; };
		DB15A6D61F78CB1F008737DD /* Tetris.swift */ = {isa = PBXFileReference; lastKnownFileType = sourcecode.swift; path = Tetris.swift; sourceTree = "<group>"; };
		DB15A6D81F7CB190008737DD /* CroppingComponent.swift */ = {isa = PBXFileReference; lastKnownFileType = sourcecode.swift; path = CroppingComponent.swift; sourceTree = "<group>"; };
		DB19C3091F57D0B600B10C2F /* PolyominoEntity.swift */ = {isa = PBXFileReference; lastKnownFileType = sourcecode.swift; path = PolyominoEntity.swift; sourceTree = "<group>"; };
		DB19C30B1F57D2CA00B10C2F /* CompositeSpriteComponent.swift */ = {isa = PBXFileReference; lastKnownFileType = sourcecode.swift; path = CompositeSpriteComponent.swift; sourceTree = "<group>"; };
		DB19C3111F57D3F700B10C2F /* RotationComponent.swift */ = {isa = PBXFileReference; lastKnownFileType = sourcecode.swift; path = RotationComponent.swift; sourceTree = "<group>"; };
		DB21CAC61F51403A00EE73C0 /* hollow_thud.mp3 */ = {isa = PBXFileReference; lastKnownFileType = audio.mp3; path = hollow_thud.mp3; sourceTree = "<group>"; };
		DB3408E81F3ADDD5000A1F5F /* PolyominoCreator.swift */ = {isa = PBXFileReference; lastKnownFileType = sourcecode.swift; path = PolyominoCreator.swift; sourceTree = "<group>"; };
		DB3408EA1F3ADDEE000A1F5F /* Polyomino.swift */ = {isa = PBXFileReference; lastKnownFileType = sourcecode.swift; path = Polyomino.swift; sourceTree = "<group>"; };
		DB34BC001F6F687B00995392 /* RuleComponent.swift */ = {isa = PBXFileReference; lastKnownFileType = sourcecode.swift; path = RuleComponent.swift; sourceTree = "<group>"; };
		DB3D806E1F5DF6D300890336 /* ArenaEntity.swift */ = {isa = PBXFileReference; lastKnownFileType = sourcecode.swift; path = ArenaEntity.swift; sourceTree = "<group>"; };
		DB3D80701F5DF73F00890336 /* TetrisEntity.swift */ = {isa = PBXFileReference; lastKnownFileType = sourcecode.swift; path = TetrisEntity.swift; sourceTree = "<group>"; };
		DB3D80741F5DF81000890336 /* ArenaComponent.swift */ = {isa = PBXFileReference; lastKnownFileType = sourcecode.swift; path = ArenaComponent.swift; sourceTree = "<group>"; };
		DB4558EB1F3F805C002BD1AA /* CGPointExtensionTests.swift */ = {isa = PBXFileReference; lastKnownFileType = sourcecode.swift; path = CGPointExtensionTests.swift; sourceTree = "<group>"; };
		DB55B7281F723BA20022C2D2 /* game_music.mp3 */ = {isa = PBXFileReference; lastKnownFileType = audio.mp3; path = game_music.mp3; sourceTree = "<group>"; };
		DB5960B51F80184600967FF6 /* TetrisCellTextures.atlas */ = {isa = PBXFileReference; lastKnownFileType = folder.skatlas; path = TetrisCellTextures.atlas; sourceTree = "<group>"; };
		DB5960B81F807C5100967FF6 /* PlayState.swift */ = {isa = PBXFileReference; lastKnownFileType = sourcecode.swift; path = PlayState.swift; sourceTree = "<group>"; };
		DB5960BA1F807C5C00967FF6 /* PauseState.swift */ = {isa = PBXFileReference; lastKnownFileType = sourcecode.swift; path = PauseState.swift; sourceTree = "<group>"; };
		DB5960BC1F807FC200967FF6 /* TetrisState.swift */ = {isa = PBXFileReference; lastKnownFileType = sourcecode.swift; path = TetrisState.swift; sourceTree = "<group>"; };
		DB5C77BE1F5E674100A05E04 /* ScoreEntity.swift */ = {isa = PBXFileReference; lastKnownFileType = sourcecode.swift; path = ScoreEntity.swift; sourceTree = "<group>"; };
		DB5C77C01F5E67C500A05E04 /* LabelComponent.swift */ = {isa = PBXFileReference; lastKnownFileType = sourcecode.swift; path = LabelComponent.swift; sourceTree = "<group>"; };
		DB653B2E1F3EC131004AA01E /* CGPointExtensions.swift */ = {isa = PBXFileReference; lastKnownFileType = sourcecode.swift; path = CGPointExtensions.swift; sourceTree = "<group>"; };
		DB653B301F4118BC004AA01E /* GameConstants.swift */ = {isa = PBXFileReference; lastKnownFileType = sourcecode.swift; path = GameConstants.swift; sourceTree = "<group>"; };
		DB69871C1F61086E00F32069 /* GameOverScene.sks */ = {isa = PBXFileReference; lastKnownFileType = file.sks; path = GameOverScene.sks; sourceTree = "<group>"; };
		DB6987311F63BF6900F32069 /* GameOverScene.swift */ = {isa = PBXFileReference; lastKnownFileType = sourcecode.swift; path = GameOverScene.swift; sourceTree = "<group>"; };
		DB6987351F65145000F32069 /* GameStartScene.sks */ = {isa = PBXFileReference; lastKnownFileType = file.sks; path = GameStartScene.sks; sourceTree = "<group>"; };
		DB6CB59B1F5D1471009D6B8F /* CollisionCheckingComponent.swift */ = {isa = PBXFileReference; lastKnownFileType = sourcecode.swift; path = CollisionCheckingComponent.swift; sourceTree = "<group>"; };
		DB6D32771F80BC6300DA828C /* Assets.xcassets */ = {isa = PBXFileReference; lastKnownFileType = folder.assetcatalog; path = Assets.xcassets; sourceTree = "<group>"; };
		DB88A6491F5E17D40059D5BC /* SpawnAreaEntity.swift */ = {isa = PBXFileReference; lastKnownFileType = sourcecode.swift; path = SpawnAreaEntity.swift; sourceTree = "<group>"; };
		DB88A64B1F5E18F20059D5BC /* SpawnAreaComponent.swift */ = {isa = PBXFileReference; lastKnownFileType = sourcecode.swift; path = SpawnAreaComponent.swift; sourceTree = "<group>"; };
		DB8B6C7F1F397BB600DD4694 /* Tetris.app */ = {isa = PBXFileReference; explicitFileType = wrapper.application; includeInIndex = 0; path = Tetris.app; sourceTree = BUILT_PRODUCTS_DIR; };
		DB8B6C821F397BB600DD4694 /* AppDelegate.swift */ = {isa = PBXFileReference; lastKnownFileType = sourcecode.swift; path = AppDelegate.swift; sourceTree = "<group>"; };
		DB8B6C841F397BB600DD4694 /* GameScene.sks */ = {isa = PBXFileReference; lastKnownFileType = file.sks; path = GameScene.sks; sourceTree = "<group>"; };
		DB8B6C861F397BB600DD4694 /* Actions.sks */ = {isa = PBXFileReference; lastKnownFileType = file.sks; path = Actions.sks; sourceTree = "<group>"; };
		DB8B6C881F397BB600DD4694 /* GameScene.swift */ = {isa = PBXFileReference; lastKnownFileType = sourcecode.swift; path = GameScene.swift; sourceTree = "<group>"; };
		DB8B6C8A1F397BB600DD4694 /* GameViewController.swift */ = {isa = PBXFileReference; lastKnownFileType = sourcecode.swift; path = GameViewController.swift; sourceTree = "<group>"; };
		DB8B6C8D1F397BB600DD4694 /* Base */ = {isa = PBXFileReference; lastKnownFileType = file.storyboard; name = Base; path = Base.lproj/Main.storyboard; sourceTree = "<group>"; };
		DB8B6C921F397BB600DD4694 /* Base */ = {isa = PBXFileReference; lastKnownFileType = file.storyboard; name = Base; path = Base.lproj/LaunchScreen.storyboard; sourceTree = "<group>"; };
		DB8B6C941F397BB600DD4694 /* Info.plist */ = {isa = PBXFileReference; lastKnownFileType = text.plist.xml; path = Info.plist; sourceTree = "<group>"; };
		DB8B6C991F397BB600DD4694 /* TetrisTests.xctest */ = {isa = PBXFileReference; explicitFileType = wrapper.cfbundle; includeInIndex = 0; path = TetrisTests.xctest; sourceTree = BUILT_PRODUCTS_DIR; };
		DB8B6C9F1F397BB600DD4694 /* Info.plist */ = {isa = PBXFileReference; lastKnownFileType = text.plist.xml; path = Info.plist; sourceTree = "<group>"; };
		DB8B6CA41F397BB600DD4694 /* TetrisUITests.xctest */ = {isa = PBXFileReference; explicitFileType = wrapper.cfbundle; includeInIndex = 0; path = TetrisUITests.xctest; sourceTree = BUILT_PRODUCTS_DIR; };
		DB8B6CA81F397BB600DD4694 /* TetrisUITests.swift */ = {isa = PBXFileReference; lastKnownFileType = sourcecode.swift; path = TetrisUITests.swift; sourceTree = "<group>"; };
		DB8B6CAA1F397BB600DD4694 /* Info.plist */ = {isa = PBXFileReference; lastKnownFileType = text.plist.xml; path = Info.plist; sourceTree = "<group>"; };
		DBAD490F1F57DAF000009DDA /* FixedMoveComponent.swift */ = {isa = PBXFileReference; lastKnownFileType = sourcecode.swift; path = FixedMoveComponent.swift; sourceTree = "<group>"; };
		DBAD49141F57DFBF00009DDA /* SpriteComponent.swift */ = {isa = PBXFileReference; lastKnownFileType = sourcecode.swift; path = SpriteComponent.swift; sourceTree = "<group>"; };
		DBC8533C1F5CCEF500E02103 /* PolyominoComponent.swift */ = {isa = PBXFileReference; lastKnownFileType = sourcecode.swift; path = PolyominoComponent.swift; sourceTree = "<group>"; };
		DBC8533E1F5CEEE100E02103 /* EntityManager.swift */ = {isa = PBXFileReference; lastKnownFileType = sourcecode.swift; path = EntityManager.swift; sourceTree = "<group>"; };
		DBE3163C1F68F2A500284AF8 /* GameStartScene.swift */ = {isa = PBXFileReference; lastKnownFileType = sourcecode.swift; path = GameStartScene.swift; sourceTree = "<group>"; };
/* End PBXFileReference section */

/* Begin PBXFrameworksBuildPhase section */
		DB8B6C7C1F397BB500DD4694 /* Frameworks */ = {
			isa = PBXFrameworksBuildPhase;
			buildActionMask = 2147483647;
			files = (
				CEB91EF20A453144DC548D1E /* Pods_Tetris.framework in Frameworks */,
			);
			runOnlyForDeploymentPostprocessing = 0;
		};
		DB8B6C961F397BB600DD4694 /* Frameworks */ = {
			isa = PBXFrameworksBuildPhase;
			buildActionMask = 2147483647;
			files = (
				27AE0720A1BF940245F0C29B /* Pods_TetrisTests.framework in Frameworks */,
			);
			runOnlyForDeploymentPostprocessing = 0;
		};
		DB8B6CA11F397BB600DD4694 /* Frameworks */ = {
			isa = PBXFrameworksBuildPhase;
			buildActionMask = 2147483647;
			files = (
				77AFC941AE907E1635E60016 /* Pods_TetrisUITests.framework in Frameworks */,
			);
			runOnlyForDeploymentPostprocessing = 0;
		};
/* End PBXFrameworksBuildPhase section */

/* Begin PBXGroup section */
		1AA1481ED75877F3E85435DD /* Frameworks */ = {
			isa = PBXGroup;
			children = (
				5128D1C115A93B73F34F9D83 /* Pods_Tetris.framework */,
				A902C88644D0FA29BE93EF7C /* Pods_TetrisTests.framework */,
				A0B58FCD4EE911902A94DD5E /* Pods_TetrisUITests.framework */,
			);
			name = Frameworks;
			sourceTree = "<group>";
		};
		DB04A9FB1F70E585007A03F3 /* Scenes */ = {
			isa = PBXGroup;
			children = (
				DB6987311F63BF6900F32069 /* GameOverScene.swift */,
				DB8B6C881F397BB600DD4694 /* GameScene.swift */,
				DBE3163C1F68F2A500284AF8 /* GameStartScene.swift */,
			);
			path = Scenes;
			sourceTree = "<group>";
		};
		DB19C3081F57D09E00B10C2F /* Entities */ = {
			isa = PBXGroup;
			children = (
				DB19C3091F57D0B600B10C2F /* PolyominoEntity.swift */,
				DBC8533E1F5CEEE100E02103 /* EntityManager.swift */,
				DB3D806E1F5DF6D300890336 /* ArenaEntity.swift */,
				DB3D80701F5DF73F00890336 /* TetrisEntity.swift */,
				DB88A6491F5E17D40059D5BC /* SpawnAreaEntity.swift */,
				DB5C77BE1F5E674100A05E04 /* ScoreEntity.swift */,
			);
			path = Entities;
			sourceTree = "<group>";
		};
		DB21CAC11F513E3700EE73C0 /* Sounds */ = {
			isa = PBXGroup;
			children = (
				DB04A9FD1F70E925007A03F3 /* tetris_start_music.mp3 */,
				DB55B7281F723BA20022C2D2 /* game_music.mp3 */,
				DB21CAC61F51403A00EE73C0 /* hollow_thud.mp3 */,
			);
			path = Sounds;
			sourceTree = "<group>";
		};
		DB5960B71F807C3100967FF6 /* States */ = {
			isa = PBXGroup;
			children = (
				DB5960B81F807C5100967FF6 /* PlayState.swift */,
				DB5960BA1F807C5C00967FF6 /* PauseState.swift */,
				DB5960BC1F807FC200967FF6 /* TetrisState.swift */,
			);
			path = States;
			sourceTree = "<group>";
		};
		DB653B371F48B14D004AA01E /* Polyomino */ = {
			isa = PBXGroup;
			children = (
				DB3408EA1F3ADDEE000A1F5F /* Polyomino.swift */,
				DB3408E81F3ADDD5000A1F5F /* PolyominoCreator.swift */,
				DB653B2E1F3EC131004AA01E /* CGPointExtensions.swift */,
				DB15A6D61F78CB1F008737DD /* Tetris.swift */,
			);
			path = Polyomino;
			sourceTree = "<group>";
		};
		DB653B381F48B16B004AA01E /* Supporting Files */ = {
			isa = PBXGroup;
			children = (
				DB6D32771F80BC6300DA828C /* Assets.xcassets */,
				DB21CAC11F513E3700EE73C0 /* Sounds */,
				DB6987351F65145000F32069 /* GameStartScene.sks */,
				DB8B6C841F397BB600DD4694 /* GameScene.sks */,
				DB69871C1F61086E00F32069 /* GameOverScene.sks */,
				DB5960B51F80184600967FF6 /* TetrisCellTextures.atlas */,
				DB8B6C861F397BB600DD4694 /* Actions.sks */,
				DB8B6C8C1F397BB600DD4694 /* Main.storyboard */,
				DB8B6C911F397BB600DD4694 /* LaunchScreen.storyboard */,
				DB8B6C941F397BB600DD4694 /* Info.plist */,
			);
			path = "Supporting Files";
			sourceTree = "<group>";
		};
		DB653B3B1F48B30A004AA01E /* GameComponents */ = {
			isa = PBXGroup;
			children = (
				DBAD49141F57DFBF00009DDA /* SpriteComponent.swift */,
				DB19C30B1F57D2CA00B10C2F /* CompositeSpriteComponent.swift */,
				DB19C3111F57D3F700B10C2F /* RotationComponent.swift */,
				DBAD490F1F57DAF000009DDA /* FixedMoveComponent.swift */,
				DBC8533C1F5CCEF500E02103 /* PolyominoComponent.swift */,
				DB6CB59B1F5D1471009D6B8F /* CollisionCheckingComponent.swift */,
				DB3D80741F5DF81000890336 /* ArenaComponent.swift */,
				DB88A64B1F5E18F20059D5BC /* SpawnAreaComponent.swift */,
				DB5C77C01F5E67C500A05E04 /* LabelComponent.swift */,
				DB34BC001F6F687B00995392 /* RuleComponent.swift */,
				DB15A6D81F7CB190008737DD /* CroppingComponent.swift */,
			);
			path = GameComponents;
			sourceTree = "<group>";
		};
		DB8B6C761F397BB500DD4694 = {
			isa = PBXGroup;
			children = (
				DB8B6C811F397BB600DD4694 /* Tetris */,
				DB8B6C9C1F397BB600DD4694 /* TetrisTests */,
				DB8B6CA71F397BB600DD4694 /* TetrisUITests */,
				DB8B6C801F397BB600DD4694 /* Products */,
				E7F82E73532B180452BFBC06 /* Pods */,
				1AA1481ED75877F3E85435DD /* Frameworks */,
			);
			sourceTree = "<group>";
		};
		DB8B6C801F397BB600DD4694 /* Products */ = {
			isa = PBXGroup;
			children = (
				DB8B6C7F1F397BB600DD4694 /* Tetris.app */,
				DB8B6C991F397BB600DD4694 /* TetrisTests.xctest */,
				DB8B6CA41F397BB600DD4694 /* TetrisUITests.xctest */,
			);
			name = Products;
			sourceTree = "<group>";
		};
		DB8B6C811F397BB600DD4694 /* Tetris */ = {
			isa = PBXGroup;
			children = (
				DB5960B71F807C3100967FF6 /* States */,
				DB653B381F48B16B004AA01E /* Supporting Files */,
				DB19C3081F57D09E00B10C2F /* Entities */,
				DB653B3B1F48B30A004AA01E /* GameComponents */,
				DB653B371F48B14D004AA01E /* Polyomino */,
				DB04A9FB1F70E585007A03F3 /* Scenes */,
				DB653B301F4118BC004AA01E /* GameConstants.swift */,
				DB8B6C821F397BB600DD4694 /* AppDelegate.swift */,
				DB8B6C8A1F397BB600DD4694 /* GameViewController.swift */,
			);
			path = Tetris;
			sourceTree = "<group>";
		};
		DB8B6C9C1F397BB600DD4694 /* TetrisTests */ = {
			isa = PBXGroup;
			children = (
				DB4558EB1F3F805C002BD1AA /* CGPointExtensionTests.swift */,
				DB8B6C9F1F397BB600DD4694 /* Info.plist */,
			);
			path = TetrisTests;
			sourceTree = "<group>";
		};
		DB8B6CA71F397BB600DD4694 /* TetrisUITests */ = {
			isa = PBXGroup;
			children = (
				DB8B6CA81F397BB600DD4694 /* TetrisUITests.swift */,
				DB8B6CAA1F397BB600DD4694 /* Info.plist */,
			);
			path = TetrisUITests;
			sourceTree = "<group>";
		};
		E7F82E73532B180452BFBC06 /* Pods */ = {
			isa = PBXGroup;
			children = (
				4C96A93394E74EC8E30A301A /* Pods-Tetris.debug.xcconfig */,
				2DB7C46C7DAD06AA14D20452 /* Pods-Tetris.release.xcconfig */,
				2014F57840F75D5DEAA8E5F1 /* Pods-TetrisTests.debug.xcconfig */,
				C41C5BC2C01BBE8474A9B542 /* Pods-TetrisTests.release.xcconfig */,
				A2A5DCD06C354301A80D8DCF /* Pods-TetrisUITests.debug.xcconfig */,
				019FA08E109EC4D07C58F9B5 /* Pods-TetrisUITests.release.xcconfig */,
			);
			name = Pods;
			sourceTree = "<group>";
		};
/* End PBXGroup section */

/* Begin PBXNativeTarget section */
		DB8B6C7E1F397BB500DD4694 /* Tetris */ = {
			isa = PBXNativeTarget;
			buildConfigurationList = DB8B6CAD1F397BB600DD4694 /* Build configuration list for PBXNativeTarget "Tetris" */;
			buildPhases = (
				B97413FC14FB7C02FD2B76FA /* [CP] Check Pods Manifest.lock */,
				DB8B6C7B1F397BB500DD4694 /* Sources */,
				DB8B6C7C1F397BB500DD4694 /* Frameworks */,
				DB8B6C7D1F397BB500DD4694 /* Resources */,
				F181C41B6199A5D9E9C84258 /* [CP] Embed Pods Frameworks */,
				9EF2BD56E887D701E6361D40 /* [CP] Copy Pods Resources */,
			);
			buildRules = (
			);
			dependencies = (
			);
			name = Tetris;
			productName = Tetris;
			productReference = DB8B6C7F1F397BB600DD4694 /* Tetris.app */;
			productType = "com.apple.product-type.application";
		};
		DB8B6C981F397BB600DD4694 /* TetrisTests */ = {
			isa = PBXNativeTarget;
			buildConfigurationList = DB8B6CB01F397BB600DD4694 /* Build configuration list for PBXNativeTarget "TetrisTests" */;
			buildPhases = (
				B19C99176534B2B105E3CEFA /* [CP] Check Pods Manifest.lock */,
				DB8B6C951F397BB600DD4694 /* Sources */,
				DB8B6C961F397BB600DD4694 /* Frameworks */,
				DB8B6C971F397BB600DD4694 /* Resources */,
				EDC40BA31E253921D83079FF /* [CP] Embed Pods Frameworks */,
				010AB48EE8727235C8115C70 /* [CP] Copy Pods Resources */,
			);
			buildRules = (
			);
			dependencies = (
				DB8B6C9B1F397BB600DD4694 /* PBXTargetDependency */,
			);
			name = TetrisTests;
			productName = TetrisTests;
			productReference = DB8B6C991F397BB600DD4694 /* TetrisTests.xctest */;
			productType = "com.apple.product-type.bundle.unit-test";
		};
		DB8B6CA31F397BB600DD4694 /* TetrisUITests */ = {
			isa = PBXNativeTarget;
			buildConfigurationList = DB8B6CB31F397BB600DD4694 /* Build configuration list for PBXNativeTarget "TetrisUITests" */;
			buildPhases = (
				E40618B5F2AA5B58868AEB44 /* [CP] Check Pods Manifest.lock */,
				DB8B6CA01F397BB600DD4694 /* Sources */,
				DB8B6CA11F397BB600DD4694 /* Frameworks */,
				DB8B6CA21F397BB600DD4694 /* Resources */,
				D036B8C8A5DA08E26571E81A /* [CP] Embed Pods Frameworks */,
				7B88ECE0DEA99EF28693882C /* [CP] Copy Pods Resources */,
			);
			buildRules = (
			);
			dependencies = (
				DB8B6CA61F397BB600DD4694 /* PBXTargetDependency */,
			);
			name = TetrisUITests;
			productName = TetrisUITests;
			productReference = DB8B6CA41F397BB600DD4694 /* TetrisUITests.xctest */;
			productType = "com.apple.product-type.bundle.ui-testing";
		};
/* End PBXNativeTarget section */

/* Begin PBXProject section */
		DB8B6C771F397BB500DD4694 /* Project object */ = {
			isa = PBXProject;
			attributes = {
				LastSwiftUpdateCheck = 0900;
				LastUpgradeCheck = 0900;
				ORGANIZATIONNAME = "Hanzhou Shi";
				TargetAttributes = {
					DB8B6C7E1F397BB500DD4694 = {
						CreatedOnToolsVersion = 9.0;
					};
					DB8B6C981F397BB600DD4694 = {
						CreatedOnToolsVersion = 9.0;
						TestTargetID = DB8B6C7E1F397BB500DD4694;
					};
					DB8B6CA31F397BB600DD4694 = {
						CreatedOnToolsVersion = 9.0;
						TestTargetID = DB8B6C7E1F397BB500DD4694;
					};
				};
			};
			buildConfigurationList = DB8B6C7A1F397BB500DD4694 /* Build configuration list for PBXProject "Tetris" */;
			compatibilityVersion = "Xcode 8.0";
			developmentRegion = en;
			hasScannedForEncodings = 0;
			knownRegions = (
				en,
				Base,
			);
			mainGroup = DB8B6C761F397BB500DD4694;
			productRefGroup = DB8B6C801F397BB600DD4694 /* Products */;
			projectDirPath = "";
			projectRoot = "";
			targets = (
				DB8B6C7E1F397BB500DD4694 /* Tetris */,
				DB8B6C981F397BB600DD4694 /* TetrisTests */,
				DB8B6CA31F397BB600DD4694 /* TetrisUITests */,
			);
		};
/* End PBXProject section */

/* Begin PBXResourcesBuildPhase section */
		DB8B6C7D1F397BB500DD4694 /* Resources */ = {
			isa = PBXResourcesBuildPhase;
			buildActionMask = 2147483647;
			files = (
				DB21CAC71F51403C00EE73C0 /* hollow_thud.mp3 in Resources */,
				DB8B6C8E1F397BB600DD4694 /* Main.storyboard in Resources */,
				DB6D32781F80BDCE00DA828C /* Assets.xcassets in Resources */,
				DB6987361F6516BE00F32069 /* GameStartScene.sks in Resources */,
				DB8B6C851F397BB600DD4694 /* GameScene.sks in Resources */,
				DB8B6C931F397BB600DD4694 /* LaunchScreen.storyboard in Resources */,
				DB5960B61F801A0E00967FF6 /* TetrisCellTextures.atlas in Resources */,
				DB8B6C871F397BB600DD4694 /* Actions.sks in Resources */,
				DB55B7291F723CA20022C2D2 /* game_music.mp3 in Resources */,
				DB69871D1F61086E00F32069 /* GameOverScene.sks in Resources */,
				DB55B7261F70EA730022C2D2 /* tetris_start_music.mp3 in Resources */,
			);
			runOnlyForDeploymentPostprocessing = 0;
		};
		DB8B6C971F397BB600DD4694 /* Resources */ = {
			isa = PBXResourcesBuildPhase;
			buildActionMask = 2147483647;
			files = (
			);
			runOnlyForDeploymentPostprocessing = 0;
		};
		DB8B6CA21F397BB600DD4694 /* Resources */ = {
			isa = PBXResourcesBuildPhase;
			buildActionMask = 2147483647;
			files = (
			);
			runOnlyForDeploymentPostprocessing = 0;
		};
/* End PBXResourcesBuildPhase section */

/* Begin PBXShellScriptBuildPhase section */
		010AB48EE8727235C8115C70 /* [CP] Copy Pods Resources */ = {
			isa = PBXShellScriptBuildPhase;
			buildActionMask = 2147483647;
			files = (
			);
			inputPaths = (
			);
			name = "[CP] Copy Pods Resources";
			outputPaths = (
			);
			runOnlyForDeploymentPostprocessing = 0;
			shellPath = /bin/sh;
			shellScript = "\"${SRCROOT}/Pods/Target Support Files/Pods-TetrisTests/Pods-TetrisTests-resources.sh\"\n";
			showEnvVarsInLog = 0;
		};
		7B88ECE0DEA99EF28693882C /* [CP] Copy Pods Resources */ = {
			isa = PBXShellScriptBuildPhase;
			buildActionMask = 2147483647;
			files = (
			);
			inputPaths = (
			);
			name = "[CP] Copy Pods Resources";
			outputPaths = (
			);
			runOnlyForDeploymentPostprocessing = 0;
			shellPath = /bin/sh;
			shellScript = "\"${SRCROOT}/Pods/Target Support Files/Pods-TetrisUITests/Pods-TetrisUITests-resources.sh\"\n";
			showEnvVarsInLog = 0;
		};
		9EF2BD56E887D701E6361D40 /* [CP] Copy Pods Resources */ = {
			isa = PBXShellScriptBuildPhase;
			buildActionMask = 2147483647;
			files = (
			);
			inputPaths = (
			);
			name = "[CP] Copy Pods Resources";
			outputPaths = (
			);
			runOnlyForDeploymentPostprocessing = 0;
			shellPath = /bin/sh;
			shellScript = "\"${SRCROOT}/Pods/Target Support Files/Pods-Tetris/Pods-Tetris-resources.sh\"\n";
			showEnvVarsInLog = 0;
		};
		B19C99176534B2B105E3CEFA /* [CP] Check Pods Manifest.lock */ = {
			isa = PBXShellScriptBuildPhase;
			buildActionMask = 2147483647;
			files = (
			);
			inputPaths = (
				"${PODS_PODFILE_DIR_PATH}/Podfile.lock",
				"${PODS_ROOT}/Manifest.lock",
			);
			name = "[CP] Check Pods Manifest.lock";
			outputPaths = (
				"$(DERIVED_FILE_DIR)/Pods-TetrisTests-checkManifestLockResult.txt",
			);
			runOnlyForDeploymentPostprocessing = 0;
			shellPath = /bin/sh;
			shellScript = "diff \"${PODS_PODFILE_DIR_PATH}/Podfile.lock\" \"${PODS_ROOT}/Manifest.lock\" > /dev/null\nif [ $? != 0 ] ; then\n    # print error to STDERR\n    echo \"error: The sandbox is not in sync with the Podfile.lock. Run 'pod install' or update your CocoaPods installation.\" >&2\n    exit 1\nfi\n# This output is used by Xcode 'outputs' to avoid re-running this script phase.\necho \"SUCCESS\" > \"${SCRIPT_OUTPUT_FILE_0}\"\n";
			showEnvVarsInLog = 0;
		};
		B97413FC14FB7C02FD2B76FA /* [CP] Check Pods Manifest.lock */ = {
			isa = PBXShellScriptBuildPhase;
			buildActionMask = 2147483647;
			files = (
			);
			inputPaths = (
				"${PODS_PODFILE_DIR_PATH}/Podfile.lock",
				"${PODS_ROOT}/Manifest.lock",
			);
			name = "[CP] Check Pods Manifest.lock";
			outputPaths = (
				"$(DERIVED_FILE_DIR)/Pods-Tetris-checkManifestLockResult.txt",
			);
			runOnlyForDeploymentPostprocessing = 0;
			shellPath = /bin/sh;
			shellScript = "diff \"${PODS_PODFILE_DIR_PATH}/Podfile.lock\" \"${PODS_ROOT}/Manifest.lock\" > /dev/null\nif [ $? != 0 ] ; then\n    # print error to STDERR\n    echo \"error: The sandbox is not in sync with the Podfile.lock. Run 'pod install' or update your CocoaPods installation.\" >&2\n    exit 1\nfi\n# This output is used by Xcode 'outputs' to avoid re-running this script phase.\necho \"SUCCESS\" > \"${SCRIPT_OUTPUT_FILE_0}\"\n";
			showEnvVarsInLog = 0;
		};
		D036B8C8A5DA08E26571E81A /* [CP] Embed Pods Frameworks */ = {
			isa = PBXShellScriptBuildPhase;
			buildActionMask = 2147483647;
			files = (
			);
			inputPaths = (
			);
			name = "[CP] Embed Pods Frameworks";
			outputPaths = (
			);
			runOnlyForDeploymentPostprocessing = 0;
			shellPath = /bin/sh;
			shellScript = "\"${SRCROOT}/Pods/Target Support Files/Pods-TetrisUITests/Pods-TetrisUITests-frameworks.sh\"\n";
			showEnvVarsInLog = 0;
		};
		E40618B5F2AA5B58868AEB44 /* [CP] Check Pods Manifest.lock */ = {
			isa = PBXShellScriptBuildPhase;
			buildActionMask = 2147483647;
			files = (
			);
			inputPaths = (
				"${PODS_PODFILE_DIR_PATH}/Podfile.lock",
				"${PODS_ROOT}/Manifest.lock",
			);
			name = "[CP] Check Pods Manifest.lock";
			outputPaths = (
				"$(DERIVED_FILE_DIR)/Pods-TetrisUITests-checkManifestLockResult.txt",
			);
			runOnlyForDeploymentPostprocessing = 0;
			shellPath = /bin/sh;
			shellScript = "diff \"${PODS_PODFILE_DIR_PATH}/Podfile.lock\" \"${PODS_ROOT}/Manifest.lock\" > /dev/null\nif [ $? != 0 ] ; then\n    # print error to STDERR\n    echo \"error: The sandbox is not in sync with the Podfile.lock. Run 'pod install' or update your CocoaPods installation.\" >&2\n    exit 1\nfi\n# This output is used by Xcode 'outputs' to avoid re-running this script phase.\necho \"SUCCESS\" > \"${SCRIPT_OUTPUT_FILE_0}\"\n";
			showEnvVarsInLog = 0;
		};
		EDC40BA31E253921D83079FF /* [CP] Embed Pods Frameworks */ = {
			isa = PBXShellScriptBuildPhase;
			buildActionMask = 2147483647;
			files = (
			);
			inputPaths = (
				"${SRCROOT}/Pods/Target Support Files/Pods-TetrisTests/Pods-TetrisTests-frameworks.sh",
				"${BUILT_PRODUCTS_DIR}/Nimble/Nimble.framework",
			);
			name = "[CP] Embed Pods Frameworks";
			outputPaths = (
				"${TARGET_BUILD_DIR}/${FRAMEWORKS_FOLDER_PATH}/Nimble.framework",
			);
			runOnlyForDeploymentPostprocessing = 0;
			shellPath = /bin/sh;
			shellScript = "\"${SRCROOT}/Pods/Target Support Files/Pods-TetrisTests/Pods-TetrisTests-frameworks.sh\"\n";
			showEnvVarsInLog = 0;
		};
		F181C41B6199A5D9E9C84258 /* [CP] Embed Pods Frameworks */ = {
			isa = PBXShellScriptBuildPhase;
			buildActionMask = 2147483647;
			files = (
			);
			inputPaths = (
				"${SRCROOT}/Pods/Target Support Files/Pods-Tetris/Pods-Tetris-frameworks.sh",
				"${BUILT_PRODUCTS_DIR}/SKSpriteButton/SKSpriteButton.framework",
			);
			name = "[CP] Embed Pods Frameworks";
			outputPaths = (
				"${TARGET_BUILD_DIR}/${FRAMEWORKS_FOLDER_PATH}/SKSpriteButton.framework",
			);
			runOnlyForDeploymentPostprocessing = 0;
			shellPath = /bin/sh;
			shellScript = "\"${SRCROOT}/Pods/Target Support Files/Pods-Tetris/Pods-Tetris-frameworks.sh\"\n";
			showEnvVarsInLog = 0;
		};
/* End PBXShellScriptBuildPhase section */

/* Begin PBXSourcesBuildPhase section */
		DB8B6C7B1F397BB500DD4694 /* Sources */ = {
			isa = PBXSourcesBuildPhase;
			buildActionMask = 2147483647;
			files = (
				DB8B6C891F397BB600DD4694 /* GameScene.swift in Sources */,
				DBAD49151F57DFBF00009DDA /* SpriteComponent.swift in Sources */,
				DB15A6D71F78CB1F008737DD /* Tetris.swift in Sources */,
				DB3D80711F5DF73F00890336 /* TetrisEntity.swift in Sources */,
				DB88A64A1F5E17D40059D5BC /* SpawnAreaEntity.swift in Sources */,
				DB19C30A1F57D0B600B10C2F /* PolyominoEntity.swift in Sources */,
				DB34BC011F6F687B00995392 /* RuleComponent.swift in Sources */,
				DB19C3121F57D3F700B10C2F /* RotationComponent.swift in Sources */,
				DB3D806F1F5DF6D300890336 /* ArenaEntity.swift in Sources */,
				DB5960B91F807C5100967FF6 /* PlayState.swift in Sources */,
				DB8B6C8B1F397BB600DD4694 /* GameViewController.swift in Sources */,
				DB3408EB1F3ADDEE000A1F5F /* Polyomino.swift in Sources */,
				DBC8533F1F5CEEE100E02103 /* EntityManager.swift in Sources */,
				DBE3163D1F68F2A500284AF8 /* GameStartScene.swift in Sources */,
				DB6987321F63BF6900F32069 /* GameOverScene.swift in Sources */,
				DB3D80751F5DF81000890336 /* ArenaComponent.swift in Sources */,
				DB653B2F1F3EC131004AA01E /* CGPointExtensions.swift in Sources */,
				DB5C77C11F5E67C500A05E04 /* LabelComponent.swift in Sources */,
				DB88A64C1F5E18F20059D5BC /* SpawnAreaComponent.swift in Sources */,
				DB15A6D91F7CB190008737DD /* CroppingComponent.swift in Sources */,
				DBAD49101F57DAF000009DDA /* FixedMoveComponent.swift in Sources */,
				DBC8533D1F5CCEF500E02103 /* PolyominoComponent.swift in Sources */,
				DB5960BD1F807FC200967FF6 /* TetrisState.swift in Sources */,
				DB19C30C1F57D2CA00B10C2F /* CompositeSpriteComponent.swift in Sources */,
				DB6CB59C1F5D1471009D6B8F /* CollisionCheckingComponent.swift in Sources */,
				DB8B6C831F397BB600DD4694 /* AppDelegate.swift in Sources */,
				DB5960BB1F807C5C00967FF6 /* PauseState.swift in Sources */,
				DB5C77BF1F5E674100A05E04 /* ScoreEntity.swift in Sources */,
				DB653B311F4118BC004AA01E /* GameConstants.swift in Sources */,
				DB3408E91F3ADDD5000A1F5F /* PolyominoCreator.swift in Sources */,
			);
			runOnlyForDeploymentPostprocessing = 0;
		};
		DB8B6C951F397BB600DD4694 /* Sources */ = {
			isa = PBXSourcesBuildPhase;
			buildActionMask = 2147483647;
			files = (
				DB4558EC1F3F805C002BD1AA /* CGPointExtensionTests.swift in Sources */,
			);
			runOnlyForDeploymentPostprocessing = 0;
		};
		DB8B6CA01F397BB600DD4694 /* Sources */ = {
			isa = PBXSourcesBuildPhase;
			buildActionMask = 2147483647;
			files = (
				DB8B6CA91F397BB600DD4694 /* TetrisUITests.swift in Sources */,
			);
			runOnlyForDeploymentPostprocessing = 0;
		};
/* End PBXSourcesBuildPhase section */

/* Begin PBXTargetDependency section */
		DB8B6C9B1F397BB600DD4694 /* PBXTargetDependency */ = {
			isa = PBXTargetDependency;
			target = DB8B6C7E1F397BB500DD4694 /* Tetris */;
			targetProxy = DB8B6C9A1F397BB600DD4694 /* PBXContainerItemProxy */;
		};
		DB8B6CA61F397BB600DD4694 /* PBXTargetDependency */ = {
			isa = PBXTargetDependency;
			target = DB8B6C7E1F397BB500DD4694 /* Tetris */;
			targetProxy = DB8B6CA51F397BB600DD4694 /* PBXContainerItemProxy */;
		};
/* End PBXTargetDependency section */

/* Begin PBXVariantGroup section */
		DB8B6C8C1F397BB600DD4694 /* Main.storyboard */ = {
			isa = PBXVariantGroup;
			children = (
				DB8B6C8D1F397BB600DD4694 /* Base */,
			);
			name = Main.storyboard;
			sourceTree = "<group>";
		};
		DB8B6C911F397BB600DD4694 /* LaunchScreen.storyboard */ = {
			isa = PBXVariantGroup;
			children = (
				DB8B6C921F397BB600DD4694 /* Base */,
			);
			name = LaunchScreen.storyboard;
			sourceTree = "<group>";
		};
/* End PBXVariantGroup section */

/* Begin XCBuildConfiguration section */
		DB8B6CAB1F397BB600DD4694 /* Debug */ = {
			isa = XCBuildConfiguration;
			buildSettings = {
				ALWAYS_SEARCH_USER_PATHS = NO;
				CLANG_ANALYZER_NONNULL = YES;
				CLANG_ANALYZER_NUMBER_OBJECT_CONVERSION = YES_AGGRESSIVE;
				CLANG_CXX_LANGUAGE_STANDARD = "gnu++14";
				CLANG_CXX_LIBRARY = "libc++";
				CLANG_ENABLE_MODULES = YES;
				CLANG_ENABLE_OBJC_ARC = YES;
				CLANG_WARN_BLOCK_CAPTURE_AUTORELEASING = YES;
				CLANG_WARN_BOOL_CONVERSION = YES;
				CLANG_WARN_COMMA = YES;
				CLANG_WARN_CONSTANT_CONVERSION = YES;
				CLANG_WARN_DIRECT_OBJC_ISA_USAGE = YES_ERROR;
				CLANG_WARN_DOCUMENTATION_COMMENTS = YES;
				CLANG_WARN_EMPTY_BODY = YES;
				CLANG_WARN_ENUM_CONVERSION = YES;
				CLANG_WARN_INFINITE_RECURSION = YES;
				CLANG_WARN_INT_CONVERSION = YES;
				CLANG_WARN_NON_LITERAL_NULL_CONVERSION = YES;
				CLANG_WARN_OBJC_LITERAL_CONVERSION = YES;
				CLANG_WARN_OBJC_ROOT_CLASS = YES_ERROR;
				CLANG_WARN_RANGE_LOOP_ANALYSIS = YES;
				CLANG_WARN_STRICT_PROTOTYPES = YES;
				CLANG_WARN_SUSPICIOUS_MOVE = YES;
				CLANG_WARN_UNGUARDED_AVAILABILITY = YES_AGGRESSIVE;
				CLANG_WARN_UNREACHABLE_CODE = YES;
				CLANG_WARN__DUPLICATE_METHOD_MATCH = YES;
				CODE_SIGN_IDENTITY = "iPhone Developer";
				COPY_PHASE_STRIP = NO;
				DEBUG_INFORMATION_FORMAT = dwarf;
				ENABLE_STRICT_OBJC_MSGSEND = YES;
				ENABLE_TESTABILITY = YES;
				GCC_C_LANGUAGE_STANDARD = gnu11;
				GCC_DYNAMIC_NO_PIC = NO;
				GCC_NO_COMMON_BLOCKS = YES;
				GCC_OPTIMIZATION_LEVEL = 0;
				GCC_PREPROCESSOR_DEFINITIONS = (
					"DEBUG=1",
					"$(inherited)",
				);
				GCC_WARN_64_TO_32_BIT_CONVERSION = YES;
				GCC_WARN_ABOUT_RETURN_TYPE = YES_ERROR;
				GCC_WARN_UNDECLARED_SELECTOR = YES;
				GCC_WARN_UNINITIALIZED_AUTOS = YES_AGGRESSIVE;
				GCC_WARN_UNUSED_FUNCTION = YES;
				GCC_WARN_UNUSED_VARIABLE = YES;
				IPHONEOS_DEPLOYMENT_TARGET = 11.0;
				MTL_ENABLE_DEBUG_INFO = YES;
				ONLY_ACTIVE_ARCH = YES;
				SDKROOT = iphoneos;
				SWIFT_ACTIVE_COMPILATION_CONDITIONS = DEBUG;
				SWIFT_OPTIMIZATION_LEVEL = "-Onone";
			};
			name = Debug;
		};
		DB8B6CAC1F397BB600DD4694 /* Release */ = {
			isa = XCBuildConfiguration;
			buildSettings = {
				ALWAYS_SEARCH_USER_PATHS = NO;
				CLANG_ANALYZER_NONNULL = YES;
				CLANG_ANALYZER_NUMBER_OBJECT_CONVERSION = YES_AGGRESSIVE;
				CLANG_CXX_LANGUAGE_STANDARD = "gnu++14";
				CLANG_CXX_LIBRARY = "libc++";
				CLANG_ENABLE_MODULES = YES;
				CLANG_ENABLE_OBJC_ARC = YES;
				CLANG_WARN_BLOCK_CAPTURE_AUTORELEASING = YES;
				CLANG_WARN_BOOL_CONVERSION = YES;
				CLANG_WARN_COMMA = YES;
				CLANG_WARN_CONSTANT_CONVERSION = YES;
				CLANG_WARN_DIRECT_OBJC_ISA_USAGE = YES_ERROR;
				CLANG_WARN_DOCUMENTATION_COMMENTS = YES;
				CLANG_WARN_EMPTY_BODY = YES;
				CLANG_WARN_ENUM_CONVERSION = YES;
				CLANG_WARN_INFINITE_RECURSION = YES;
				CLANG_WARN_INT_CONVERSION = YES;
				CLANG_WARN_NON_LITERAL_NULL_CONVERSION = YES;
				CLANG_WARN_OBJC_LITERAL_CONVERSION = YES;
				CLANG_WARN_OBJC_ROOT_CLASS = YES_ERROR;
				CLANG_WARN_RANGE_LOOP_ANALYSIS = YES;
				CLANG_WARN_STRICT_PROTOTYPES = YES;
				CLANG_WARN_SUSPICIOUS_MOVE = YES;
				CLANG_WARN_UNGUARDED_AVAILABILITY = YES_AGGRESSIVE;
				CLANG_WARN_UNREACHABLE_CODE = YES;
				CLANG_WARN__DUPLICATE_METHOD_MATCH = YES;
				CODE_SIGN_IDENTITY = "iPhone Developer";
				COPY_PHASE_STRIP = NO;
				DEBUG_INFORMATION_FORMAT = "dwarf-with-dsym";
				ENABLE_NS_ASSERTIONS = NO;
				ENABLE_STRICT_OBJC_MSGSEND = YES;
				GCC_C_LANGUAGE_STANDARD = gnu11;
				GCC_NO_COMMON_BLOCKS = YES;
				GCC_WARN_64_TO_32_BIT_CONVERSION = YES;
				GCC_WARN_ABOUT_RETURN_TYPE = YES_ERROR;
				GCC_WARN_UNDECLARED_SELECTOR = YES;
				GCC_WARN_UNINITIALIZED_AUTOS = YES_AGGRESSIVE;
				GCC_WARN_UNUSED_FUNCTION = YES;
				GCC_WARN_UNUSED_VARIABLE = YES;
				IPHONEOS_DEPLOYMENT_TARGET = 11.0;
				MTL_ENABLE_DEBUG_INFO = NO;
				SDKROOT = iphoneos;
				SWIFT_OPTIMIZATION_LEVEL = "-Owholemodule";
				VALIDATE_PRODUCT = YES;
			};
			name = Release;
		};
		DB8B6CAE1F397BB600DD4694 /* Debug */ = {
			isa = XCBuildConfiguration;
			baseConfigurationReference = 4C96A93394E74EC8E30A301A /* Pods-Tetris.debug.xcconfig */;
			buildSettings = {
				ASSETCATALOG_COMPILER_APPICON_NAME = AppIcon;
				DEVELOPMENT_TEAM = 687GE6J6LA;
				INFOPLIST_FILE = "$(SRCROOT)/Tetris/Supporting Files/Info.plist";
				IPHONEOS_DEPLOYMENT_TARGET = 10.3;
				LD_RUNPATH_SEARCH_PATHS = "$(inherited) @executable_path/Frameworks";
				PRODUCT_BUNDLE_IDENTIFIER = hanjoes.Tetris;
				PRODUCT_NAME = "$(TARGET_NAME)";
				SWIFT_VERSION = 4.0;
				TARGETED_DEVICE_FAMILY = 1;
			};
			name = Debug;
		};
		DB8B6CAF1F397BB600DD4694 /* Release */ = {
			isa = XCBuildConfiguration;
			baseConfigurationReference = 2DB7C46C7DAD06AA14D20452 /* Pods-Tetris.release.xcconfig */;
			buildSettings = {
				ASSETCATALOG_COMPILER_APPICON_NAME = AppIcon;
				DEVELOPMENT_TEAM = 687GE6J6LA;
				INFOPLIST_FILE = "$(SRCROOT)/Tetris/Supporting Files/Info.plist";
				IPHONEOS_DEPLOYMENT_TARGET = 10.3;
				LD_RUNPATH_SEARCH_PATHS = "$(inherited) @executable_path/Frameworks";
				PRODUCT_BUNDLE_IDENTIFIER = hanjoes.Tetris;
				PRODUCT_NAME = "$(TARGET_NAME)";
				SWIFT_VERSION = 4.0;
				TARGETED_DEVICE_FAMILY = 1;
			};
			name = Release;
		};
		DB8B6CB11F397BB600DD4694 /* Debug */ = {
			isa = XCBuildConfiguration;
			baseConfigurationReference = 2014F57840F75D5DEAA8E5F1 /* Pods-TetrisTests.debug.xcconfig */;
			buildSettings = {
				ALWAYS_EMBED_SWIFT_STANDARD_LIBRARIES = "$(inherited)";
				BUNDLE_LOADER = "$(TEST_HOST)";
				DEVELOPMENT_TEAM = 687GE6J6LA;
				INFOPLIST_FILE = TetrisTests/Info.plist;
				LD_RUNPATH_SEARCH_PATHS = "$(inherited) @executable_path/Frameworks @loader_path/Frameworks";
				PRODUCT_BUNDLE_IDENTIFIER = hanjoes.TetrisTests;
				PRODUCT_NAME = "$(TARGET_NAME)";
				SWIFT_VERSION = 4.0;
				TARGETED_DEVICE_FAMILY = "1,2";
				TEST_HOST = "$(BUILT_PRODUCTS_DIR)/Tetris.app/Tetris";
			};
			name = Debug;
		};
		DB8B6CB21F397BB600DD4694 /* Release */ = {
			isa = XCBuildConfiguration;
			baseConfigurationReference = C41C5BC2C01BBE8474A9B542 /* Pods-TetrisTests.release.xcconfig */;
			buildSettings = {
				ALWAYS_EMBED_SWIFT_STANDARD_LIBRARIES = "$(inherited)";
				BUNDLE_LOADER = "$(TEST_HOST)";
				DEVELOPMENT_TEAM = 687GE6J6LA;
				INFOPLIST_FILE = TetrisTests/Info.plist;
				LD_RUNPATH_SEARCH_PATHS = "$(inherited) @executable_path/Frameworks @loader_path/Frameworks";
				PRODUCT_BUNDLE_IDENTIFIER = hanjoes.TetrisTests;
				PRODUCT_NAME = "$(TARGET_NAME)";
				SWIFT_VERSION = 4.0;
				TARGETED_DEVICE_FAMILY = "1,2";
				TEST_HOST = "$(BUILT_PRODUCTS_DIR)/Tetris.app/Tetris";
			};
			name = Release;
		};
		DB8B6CB41F397BB600DD4694 /* Debug */ = {
			isa = XCBuildConfiguration;
			baseConfigurationReference = A2A5DCD06C354301A80D8DCF /* Pods-TetrisUITests.debug.xcconfig */;
			buildSettings = {
				ALWAYS_EMBED_SWIFT_STANDARD_LIBRARIES = YES;
				DEVELOPMENT_TEAM = 687GE6J6LA;
				INFOPLIST_FILE = TetrisUITests/Info.plist;
				LD_RUNPATH_SEARCH_PATHS = "$(inherited) @executable_path/Frameworks @loader_path/Frameworks";
				PRODUCT_BUNDLE_IDENTIFIER = hanjoes.TetrisUITests;
				PRODUCT_NAME = "$(TARGET_NAME)";
				SWIFT_VERSION = 4.0;
				TARGETED_DEVICE_FAMILY = "1,2";
				TEST_TARGET_NAME = Tetris;
			};
			name = Debug;
		};
		DB8B6CB51F397BB600DD4694 /* Release */ = {
			isa = XCBuildConfiguration;
			baseConfigurationReference = 019FA08E109EC4D07C58F9B5 /* Pods-TetrisUITests.release.xcconfig */;
			buildSettings = {
				ALWAYS_EMBED_SWIFT_STANDARD_LIBRARIES = YES;
				DEVELOPMENT_TEAM = 687GE6J6LA;
				INFOPLIST_FILE = TetrisUITests/Info.plist;
				LD_RUNPATH_SEARCH_PATHS = "$(inherited) @executable_path/Frameworks @loader_path/Frameworks";
				PRODUCT_BUNDLE_IDENTIFIER = hanjoes.TetrisUITests;
				PRODUCT_NAME = "$(TARGET_NAME)";
				SWIFT_VERSION = 4.0;
				TARGETED_DEVICE_FAMILY = "1,2";
				TEST_TARGET_NAME = Tetris;
			};
			name = Release;
		};
/* End XCBuildConfiguration section */

/* Begin XCConfigurationList section */
		DB8B6C7A1F397BB500DD4694 /* Build configuration list for PBXProject "Tetris" */ = {
			isa = XCConfigurationList;
			buildConfigurations = (
				DB8B6CAB1F397BB600DD4694 /* Debug */,
				DB8B6CAC1F397BB600DD4694 /* Release */,
			);
			defaultConfigurationIsVisible = 0;
			defaultConfigurationName = Release;
		};
		DB8B6CAD1F397BB600DD4694 /* Build configuration list for PBXNativeTarget "Tetris" */ = {
			isa = XCConfigurationList;
			buildConfigurations = (
				DB8B6CAE1F397BB600DD4694 /* Debug */,
				DB8B6CAF1F397BB600DD4694 /* Release */,
			);
			defaultConfigurationIsVisible = 0;
			defaultConfigurationName = Release;
		};
		DB8B6CB01F397BB600DD4694 /* Build configuration list for PBXNativeTarget "TetrisTests" */ = {
			isa = XCConfigurationList;
			buildConfigurations = (
				DB8B6CB11F397BB600DD4694 /* Debug */,
				DB8B6CB21F397BB600DD4694 /* Release */,
			);
			defaultConfigurationIsVisible = 0;
			defaultConfigurationName = Release;
		};
		DB8B6CB31F397BB600DD4694 /* Build configuration list for PBXNativeTarget "TetrisUITests" */ = {
			isa = XCConfigurationList;
			buildConfigurations = (
				DB8B6CB41F397BB600DD4694 /* Debug */,
				DB8B6CB51F397BB600DD4694 /* Release */,
			);
			defaultConfigurationIsVisible = 0;
			defaultConfigurationName = Release;
		};
/* End XCConfigurationList section */
	};
	rootObject = DB8B6C771F397BB500DD4694 /* Project object */;
}
